// !$*UTF8*$!
{
	archiveVersion = 1;
	classes = {
	};
	objectVersion = 52;
	objects = {

/* Begin PBXBuildFile section */
		141B96192574FC970083C175 /* HomeTask.swift in Sources */ = {isa = PBXBuildFile; fileRef = 141B96182574FC970083C175 /* HomeTask.swift */; };
		141B96212574FF340083C175 /* QRView.swift in Sources */ = {isa = PBXBuildFile; fileRef = 141B96202574FF340083C175 /* QRView.swift */; };
		14768110256BC56E006129FA /* ChargeView.swift in Sources */ = {isa = PBXBuildFile; fileRef = 1476810F256BC56E006129FA /* ChargeView.swift */; };
		5748768CA8BC6E1E31F68423 /* Pods_UFO.framework in Frameworks */ = {isa = PBXBuildFile; fileRef = 37E42B3A8FCBF8F804821DD5 /* Pods_UFO.framework */; };
		C56B7B30D42BA848FFE4DFA3 /* Pods_UFOTests.framework in Frameworks */ = {isa = PBXBuildFile; fileRef = C33A5FB73C12222E1C3D0E5F /* Pods_UFOTests.framework */; };
		DBA05FFAE3D3559783C26326 /* Pods_UFO_UFOUITests.framework in Frameworks */ = {isa = PBXBuildFile; fileRef = EA80F856C11011924B33A2C0 /* Pods_UFO_UFOUITests.framework */; };
		DC09114F257A4D2B000C5C86 /* S3 in Frameworks */ = {isa = PBXBuildFile; productRef = DC09114E257A4D2B000C5C86 /* S3 */; };
		DC195A23253DE53300A9ECF0 /* AppDelegate.swift in Sources */ = {isa = PBXBuildFile; fileRef = DC195A22253DE53300A9ECF0 /* AppDelegate.swift */; };
		DC195A25253DE53300A9ECF0 /* SceneDelegate.swift in Sources */ = {isa = PBXBuildFile; fileRef = DC195A24253DE53300A9ECF0 /* SceneDelegate.swift */; };
		DC195A27253DE53300A9ECF0 /* ContentView.swift in Sources */ = {isa = PBXBuildFile; fileRef = DC195A26253DE53300A9ECF0 /* ContentView.swift */; };
		DC195A29253DE53800A9ECF0 /* Assets.xcassets in Resources */ = {isa = PBXBuildFile; fileRef = DC195A28253DE53800A9ECF0 /* Assets.xcassets */; };
		DC195A2C253DE53800A9ECF0 /* Preview Assets.xcassets in Resources */ = {isa = PBXBuildFile; fileRef = DC195A2B253DE53800A9ECF0 /* Preview Assets.xcassets */; };
		DC195A2F253DE53800A9ECF0 /* LaunchScreen.storyboard in Resources */ = {isa = PBXBuildFile; fileRef = DC195A2D253DE53800A9ECF0 /* LaunchScreen.storyboard */; };
		DC195A3A253DE53800A9ECF0 /* UFOTests.swift in Sources */ = {isa = PBXBuildFile; fileRef = DC195A39253DE53800A9ECF0 /* UFOTests.swift */; };
		DC195A45253DE53800A9ECF0 /* UFOUITests.swift in Sources */ = {isa = PBXBuildFile; fileRef = DC195A44253DE53800A9ECF0 /* UFOUITests.swift */; };
		DC195A53253DE5D200A9ECF0 /* SplashView.swift in Sources */ = {isa = PBXBuildFile; fileRef = DC195A52253DE5D200A9ECF0 /* SplashView.swift */; };
		DC195A55253DE5F900A9ECF0 /* MainView.swift in Sources */ = {isa = PBXBuildFile; fileRef = DC195A54253DE5F900A9ECF0 /* MainView.swift */; };
		DC195A57253DE61300A9ECF0 /* HomeView.swift in Sources */ = {isa = PBXBuildFile; fileRef = DC195A56253DE61300A9ECF0 /* HomeView.swift */; };
		DC195A59253DE62C00A9ECF0 /* FestivalView.swift in Sources */ = {isa = PBXBuildFile; fileRef = DC195A58253DE62C00A9ECF0 /* FestivalView.swift */; };
		DC195A62253DE6BA00A9ECF0 /* StoreTask.swift in Sources */ = {isa = PBXBuildFile; fileRef = DC195A61253DE6BA00A9ECF0 /* StoreTask.swift */; };
		DC195A64253DE6D300A9ECF0 /* StoreData.swift in Sources */ = {isa = PBXBuildFile; fileRef = DC195A63253DE6D300A9ECF0 /* StoreData.swift */; };
		DC195A66253DE6F900A9ECF0 /* MapView.swift in Sources */ = {isa = PBXBuildFile; fileRef = DC195A65253DE6F900A9ECF0 /* MapView.swift */; };
		DC195A68253DE73900A9ECF0 /* MyPageView.swift in Sources */ = {isa = PBXBuildFile; fileRef = DC195A67253DE73900A9ECF0 /* MyPageView.swift */; };
		DC197DF3256E953F00988BA5 /* FestivalData.swift in Sources */ = {isa = PBXBuildFile; fileRef = DC197DF2256E953F00988BA5 /* FestivalData.swift */; };
		DC197DF8256E961200988BA5 /* MenuData.swift in Sources */ = {isa = PBXBuildFile; fileRef = DC197DF7256E961200988BA5 /* MenuData.swift */; };
		DC197DFD256E968200988BA5 /* FestivalTask.swift in Sources */ = {isa = PBXBuildFile; fileRef = DC197DFC256E968200988BA5 /* FestivalTask.swift */; };
		DC197E02256E9B4C00988BA5 /* FestivalListData.swift in Sources */ = {isa = PBXBuildFile; fileRef = DC197E01256E9B4C00988BA5 /* FestivalListData.swift */; };
		DC197E0A256F725E00988BA5 /* SplashTask.swift in Sources */ = {isa = PBXBuildFile; fileRef = DC197E09256F725E00988BA5 /* SplashTask.swift */; };
		DC197E1A256FEC5400988BA5 /* FestivalCache.swift in Sources */ = {isa = PBXBuildFile; fileRef = DC197E19256FEC5400988BA5 /* FestivalCache.swift */; };
		DC197E272570ED3200988BA5 /* FestivallnfoVIew.swift in Sources */ = {isa = PBXBuildFile; fileRef = DC197E262570ED3200988BA5 /* FestivallnfoVIew.swift */; };
		DC197E2C2570FDFF00988BA5 /* FestivalStoresView.swift in Sources */ = {isa = PBXBuildFile; fileRef = DC197E2B2570FDFF00988BA5 /* FestivalStoresView.swift */; };
		DC4DAE75257A09D000FD7C0C /* SendMoneyView.swift in Sources */ = {isa = PBXBuildFile; fileRef = DC4DAE74257A09D000FD7C0C /* SendMoneyView.swift */; };
		DC4DAE7D257A0BC200FD7C0C /* PasswordView.swift in Sources */ = {isa = PBXBuildFile; fileRef = DC4DAE7C257A0BC200FD7C0C /* PasswordView.swift */; };
		DC68D780253F42A800B35E56 /* ImageCache.swift in Sources */ = {isa = PBXBuildFile; fileRef = DC68D77F253F42A800B35E56 /* ImageCache.swift */; };
		DC68D78825433A8300B35E56 /* KakaoLoginView.swift in Sources */ = {isa = PBXBuildFile; fileRef = DC68D78725433A8300B35E56 /* KakaoLoginView.swift */; };
		DC6BDB26257A7537005751C7 /* S3ImageVIew.swift in Sources */ = {isa = PBXBuildFile; fileRef = DC6BDB25257A7537005751C7 /* S3ImageVIew.swift */; };
		DC6BDB2B257A75B8005751C7 /* S3ImageTask.swift in Sources */ = {isa = PBXBuildFile; fileRef = DC6BDB2A257A75B8005751C7 /* S3ImageTask.swift */; };
		DC7B3E8E25490ACF0094FD51 /* FestivalListPopUpView.swift in Sources */ = {isa = PBXBuildFile; fileRef = DC7B3E8D25490ACF0094FD51 /* FestivalListPopUpView.swift */; };
		DC7B3E9C25492E1F0094FD51 /* SlideOverView.swift in Sources */ = {isa = PBXBuildFile; fileRef = DC7B3E9B25492E1F0094FD51 /* SlideOverView.swift */; };
		DC7B3E9F254935120094FD51 /* CodeScanner in Frameworks */ = {isa = PBXBuildFile; productRef = DC7B3E9E254935120094FD51 /* CodeScanner */; };
		DC7B3EA125493F6D0094FD51 /* CodeScanner.swift in Sources */ = {isa = PBXBuildFile; fileRef = DC7B3EA025493F6D0094FD51 /* CodeScanner.swift */; };
		DC86E3E8257BAC8400891549 /* StoreListData.swift in Sources */ = {isa = PBXBuildFile; fileRef = DC86E3E7257BAC8400891549 /* StoreListData.swift */; };
		DC86E404257CC93A00891549 /* UserTask.swift in Sources */ = {isa = PBXBuildFile; fileRef = DC86E403257CC93A00891549 /* UserTask.swift */; };
		DC86E417257CCFCD00891549 /* URLImageTask.swift in Sources */ = {isa = PBXBuildFile; fileRef = DC86E416257CCFCD00891549 /* URLImageTask.swift */; };
		DC86E41C257CF9C100891549 /* URLImageView.swift in Sources */ = {isa = PBXBuildFile; fileRef = DC86E41B257CF9C100891549 /* URLImageView.swift */; };
		DC906A57257A2BE900F17063 /* ChargeTask.swift in Sources */ = {isa = PBXBuildFile; fileRef = DC906A56257A2BE900F17063 /* ChargeTask.swift */; };
		DCB4E94E25448D6500486610 /* FestivalIdCache.swift in Sources */ = {isa = PBXBuildFile; fileRef = DCB4E94D25448D6500486610 /* FestivalIdCache.swift */; };
		DCBD75E72576482D0018F68B /* StoreCache.swift in Sources */ = {isa = PBXBuildFile; fileRef = DCBD75E62576482D0018F68B /* StoreCache.swift */; };
		DCBD75F125765BAB0018F68B /* MenuCache.swift in Sources */ = {isa = PBXBuildFile; fileRef = DCBD75F025765BAB0018F68B /* MenuCache.swift */; };
		DCBD75F9257673090018F68B /* StoreInfoView.swift in Sources */ = {isa = PBXBuildFile; fileRef = DCBD75F8257673090018F68B /* StoreInfoView.swift */; };
		DCCCE37A257A1CAA00205226 /* SendMoneyTask.swift in Sources */ = {isa = PBXBuildFile; fileRef = DCCCE379257A1CAA00205226 /* SendMoneyTask.swift */; };
/* End PBXBuildFile section */

/* Begin PBXContainerItemProxy section */
		DC195A36253DE53800A9ECF0 /* PBXContainerItemProxy */ = {
			isa = PBXContainerItemProxy;
			containerPortal = DC195A17253DE53300A9ECF0 /* Project object */;
			proxyType = 1;
			remoteGlobalIDString = DC195A1E253DE53300A9ECF0;
			remoteInfo = UFO;
		};
		DC195A41253DE53800A9ECF0 /* PBXContainerItemProxy */ = {
			isa = PBXContainerItemProxy;
			containerPortal = DC195A17253DE53300A9ECF0 /* Project object */;
			proxyType = 1;
			remoteGlobalIDString = DC195A1E253DE53300A9ECF0;
			remoteInfo = UFO;
		};
/* End PBXContainerItemProxy section */

/* Begin PBXFileReference section */
		050A0A658F43735F3F58F0EC /* Pods-UFOTests.debug.xcconfig */ = {isa = PBXFileReference; includeInIndex = 1; lastKnownFileType = text.xcconfig; name = "Pods-UFOTests.debug.xcconfig"; path = "Target Support Files/Pods-UFOTests/Pods-UFOTests.debug.xcconfig"; sourceTree = "<group>"; };
		141B96182574FC970083C175 /* HomeTask.swift */ = {isa = PBXFileReference; lastKnownFileType = sourcecode.swift; path = HomeTask.swift; sourceTree = "<group>"; };
		141B96202574FF340083C175 /* QRView.swift */ = {isa = PBXFileReference; lastKnownFileType = sourcecode.swift; path = QRView.swift; sourceTree = "<group>"; };
		1476810F256BC56E006129FA /* ChargeView.swift */ = {isa = PBXFileReference; lastKnownFileType = sourcecode.swift; path = ChargeView.swift; sourceTree = "<group>"; };
		37E42B3A8FCBF8F804821DD5 /* Pods_UFO.framework */ = {isa = PBXFileReference; explicitFileType = wrapper.framework; includeInIndex = 0; path = Pods_UFO.framework; sourceTree = BUILT_PRODUCTS_DIR; };
		56F8492D964045D920133F78 /* Pods-UFO-UFOUITests.release.xcconfig */ = {isa = PBXFileReference; includeInIndex = 1; lastKnownFileType = text.xcconfig; name = "Pods-UFO-UFOUITests.release.xcconfig"; path = "Target Support Files/Pods-UFO-UFOUITests/Pods-UFO-UFOUITests.release.xcconfig"; sourceTree = "<group>"; };
		817245CE098FEF074E713224 /* Pods-UFO.release.xcconfig */ = {isa = PBXFileReference; includeInIndex = 1; lastKnownFileType = text.xcconfig; name = "Pods-UFO.release.xcconfig"; path = "Target Support Files/Pods-UFO/Pods-UFO.release.xcconfig"; sourceTree = "<group>"; };
		9BC2BBF87B1178351FA6B020 /* Pods-UFO-UFOUITests.debug.xcconfig */ = {isa = PBXFileReference; includeInIndex = 1; lastKnownFileType = text.xcconfig; name = "Pods-UFO-UFOUITests.debug.xcconfig"; path = "Target Support Files/Pods-UFO-UFOUITests/Pods-UFO-UFOUITests.debug.xcconfig"; sourceTree = "<group>"; };
		B0CA2F12606C0B753325FBCE /* Pods-UFO.debug.xcconfig */ = {isa = PBXFileReference; includeInIndex = 1; lastKnownFileType = text.xcconfig; name = "Pods-UFO.debug.xcconfig"; path = "Target Support Files/Pods-UFO/Pods-UFO.debug.xcconfig"; sourceTree = "<group>"; };
		BDB7A1AF2FCFA514C696C64B /* Pods-UFOTests.release.xcconfig */ = {isa = PBXFileReference; includeInIndex = 1; lastKnownFileType = text.xcconfig; name = "Pods-UFOTests.release.xcconfig"; path = "Target Support Files/Pods-UFOTests/Pods-UFOTests.release.xcconfig"; sourceTree = "<group>"; };
		C33A5FB73C12222E1C3D0E5F /* Pods_UFOTests.framework */ = {isa = PBXFileReference; explicitFileType = wrapper.framework; includeInIndex = 0; path = Pods_UFOTests.framework; sourceTree = BUILT_PRODUCTS_DIR; };
		DC195A1F253DE53300A9ECF0 /* UFO.app */ = {isa = PBXFileReference; explicitFileType = wrapper.application; includeInIndex = 0; path = UFO.app; sourceTree = BUILT_PRODUCTS_DIR; };
		DC195A22253DE53300A9ECF0 /* AppDelegate.swift */ = {isa = PBXFileReference; lastKnownFileType = sourcecode.swift; path = AppDelegate.swift; sourceTree = "<group>"; };
		DC195A24253DE53300A9ECF0 /* SceneDelegate.swift */ = {isa = PBXFileReference; lastKnownFileType = sourcecode.swift; path = SceneDelegate.swift; sourceTree = "<group>"; };
		DC195A26253DE53300A9ECF0 /* ContentView.swift */ = {isa = PBXFileReference; lastKnownFileType = sourcecode.swift; path = ContentView.swift; sourceTree = "<group>"; };
		DC195A28253DE53800A9ECF0 /* Assets.xcassets */ = {isa = PBXFileReference; lastKnownFileType = folder.assetcatalog; path = Assets.xcassets; sourceTree = "<group>"; };
		DC195A2B253DE53800A9ECF0 /* Preview Assets.xcassets */ = {isa = PBXFileReference; lastKnownFileType = folder.assetcatalog; path = "Preview Assets.xcassets"; sourceTree = "<group>"; };
		DC195A2E253DE53800A9ECF0 /* Base */ = {isa = PBXFileReference; lastKnownFileType = file.storyboard; name = Base; path = Base.lproj/LaunchScreen.storyboard; sourceTree = "<group>"; };
		DC195A30253DE53800A9ECF0 /* Info.plist */ = {isa = PBXFileReference; lastKnownFileType = text.plist.xml; path = Info.plist; sourceTree = "<group>"; };
		DC195A35253DE53800A9ECF0 /* UFOTests.xctest */ = {isa = PBXFileReference; explicitFileType = wrapper.cfbundle; includeInIndex = 0; path = UFOTests.xctest; sourceTree = BUILT_PRODUCTS_DIR; };
		DC195A39253DE53800A9ECF0 /* UFOTests.swift */ = {isa = PBXFileReference; lastKnownFileType = sourcecode.swift; path = UFOTests.swift; sourceTree = "<group>"; };
		DC195A3B253DE53800A9ECF0 /* Info.plist */ = {isa = PBXFileReference; lastKnownFileType = text.plist.xml; path = Info.plist; sourceTree = "<group>"; };
		DC195A40253DE53800A9ECF0 /* UFOUITests.xctest */ = {isa = PBXFileReference; explicitFileType = wrapper.cfbundle; includeInIndex = 0; path = UFOUITests.xctest; sourceTree = BUILT_PRODUCTS_DIR; };
		DC195A44253DE53800A9ECF0 /* UFOUITests.swift */ = {isa = PBXFileReference; lastKnownFileType = sourcecode.swift; path = UFOUITests.swift; sourceTree = "<group>"; };
		DC195A46253DE53900A9ECF0 /* Info.plist */ = {isa = PBXFileReference; lastKnownFileType = text.plist.xml; path = Info.plist; sourceTree = "<group>"; };
		DC195A52253DE5D200A9ECF0 /* SplashView.swift */ = {isa = PBXFileReference; lastKnownFileType = sourcecode.swift; path = SplashView.swift; sourceTree = "<group>"; };
		DC195A54253DE5F900A9ECF0 /* MainView.swift */ = {isa = PBXFileReference; lastKnownFileType = sourcecode.swift; path = MainView.swift; sourceTree = "<group>"; };
		DC195A56253DE61300A9ECF0 /* HomeView.swift */ = {isa = PBXFileReference; lastKnownFileType = sourcecode.swift; path = HomeView.swift; sourceTree = "<group>"; };
		DC195A58253DE62C00A9ECF0 /* FestivalView.swift */ = {isa = PBXFileReference; lastKnownFileType = sourcecode.swift; path = FestivalView.swift; sourceTree = "<group>"; };
		DC195A61253DE6BA00A9ECF0 /* StoreTask.swift */ = {isa = PBXFileReference; lastKnownFileType = sourcecode.swift; path = StoreTask.swift; sourceTree = "<group>"; };
		DC195A63253DE6D300A9ECF0 /* StoreData.swift */ = {isa = PBXFileReference; lastKnownFileType = sourcecode.swift; path = StoreData.swift; sourceTree = "<group>"; };
		DC195A65253DE6F900A9ECF0 /* MapView.swift */ = {isa = PBXFileReference; lastKnownFileType = sourcecode.swift; path = MapView.swift; sourceTree = "<group>"; };
		DC195A67253DE73900A9ECF0 /* MyPageView.swift */ = {isa = PBXFileReference; lastKnownFileType = sourcecode.swift; path = MyPageView.swift; sourceTree = "<group>"; };
		DC197DF2256E953F00988BA5 /* FestivalData.swift */ = {isa = PBXFileReference; lastKnownFileType = sourcecode.swift; path = FestivalData.swift; sourceTree = "<group>"; };
		DC197DF7256E961200988BA5 /* MenuData.swift */ = {isa = PBXFileReference; lastKnownFileType = sourcecode.swift; path = MenuData.swift; sourceTree = "<group>"; };
		DC197DFC256E968200988BA5 /* FestivalTask.swift */ = {isa = PBXFileReference; lastKnownFileType = sourcecode.swift; path = FestivalTask.swift; sourceTree = "<group>"; };
		DC197E01256E9B4C00988BA5 /* FestivalListData.swift */ = {isa = PBXFileReference; lastKnownFileType = sourcecode.swift; path = FestivalListData.swift; sourceTree = "<group>"; };
		DC197E09256F725E00988BA5 /* SplashTask.swift */ = {isa = PBXFileReference; lastKnownFileType = sourcecode.swift; path = SplashTask.swift; sourceTree = "<group>"; };
		DC197E19256FEC5400988BA5 /* FestivalCache.swift */ = {isa = PBXFileReference; lastKnownFileType = sourcecode.swift; path = FestivalCache.swift; sourceTree = "<group>"; };
		DC197E262570ED3200988BA5 /* FestivallnfoVIew.swift */ = {isa = PBXFileReference; lastKnownFileType = sourcecode.swift; path = FestivallnfoVIew.swift; sourceTree = "<group>"; };
		DC197E2B2570FDFF00988BA5 /* FestivalStoresView.swift */ = {isa = PBXFileReference; lastKnownFileType = sourcecode.swift; path = FestivalStoresView.swift; sourceTree = "<group>"; };
		DC4DAE74257A09D000FD7C0C /* SendMoneyView.swift */ = {isa = PBXFileReference; lastKnownFileType = sourcecode.swift; path = SendMoneyView.swift; sourceTree = "<group>"; };
		DC4DAE7C257A0BC200FD7C0C /* PasswordView.swift */ = {isa = PBXFileReference; lastKnownFileType = sourcecode.swift; path = PasswordView.swift; sourceTree = "<group>"; };
		DC68D77F253F42A800B35E56 /* ImageCache.swift */ = {isa = PBXFileReference; lastKnownFileType = sourcecode.swift; path = ImageCache.swift; sourceTree = "<group>"; };
		DC68D78725433A8300B35E56 /* KakaoLoginView.swift */ = {isa = PBXFileReference; lastKnownFileType = sourcecode.swift; path = KakaoLoginView.swift; sourceTree = "<group>"; };
		DC6BDB25257A7537005751C7 /* S3ImageVIew.swift */ = {isa = PBXFileReference; lastKnownFileType = sourcecode.swift; path = S3ImageVIew.swift; sourceTree = "<group>"; };
		DC6BDB2A257A75B8005751C7 /* S3ImageTask.swift */ = {isa = PBXFileReference; lastKnownFileType = sourcecode.swift; path = S3ImageTask.swift; sourceTree = "<group>"; };
		DC7B3E8D25490ACF0094FD51 /* FestivalListPopUpView.swift */ = {isa = PBXFileReference; lastKnownFileType = sourcecode.swift; path = FestivalListPopUpView.swift; sourceTree = "<group>"; };
		DC7B3E9B25492E1F0094FD51 /* SlideOverView.swift */ = {isa = PBXFileReference; lastKnownFileType = sourcecode.swift; path = SlideOverView.swift; sourceTree = "<group>"; };
		DC7B3EA025493F6D0094FD51 /* CodeScanner.swift */ = {isa = PBXFileReference; fileEncoding = 4; lastKnownFileType = sourcecode.swift; path = CodeScanner.swift; sourceTree = "<group>"; };
		DC86E3E7257BAC8400891549 /* StoreListData.swift */ = {isa = PBXFileReference; lastKnownFileType = sourcecode.swift; path = StoreListData.swift; sourceTree = "<group>"; };
		DC86E403257CC93A00891549 /* UserTask.swift */ = {isa = PBXFileReference; lastKnownFileType = sourcecode.swift; path = UserTask.swift; sourceTree = "<group>"; };
		DC86E416257CCFCD00891549 /* URLImageTask.swift */ = {isa = PBXFileReference; lastKnownFileType = sourcecode.swift; path = URLImageTask.swift; sourceTree = "<group>"; };
		DC86E41B257CF9C100891549 /* URLImageView.swift */ = {isa = PBXFileReference; lastKnownFileType = sourcecode.swift; path = URLImageView.swift; sourceTree = "<group>"; };
		DC906A56257A2BE900F17063 /* ChargeTask.swift */ = {isa = PBXFileReference; lastKnownFileType = sourcecode.swift; path = ChargeTask.swift; sourceTree = "<group>"; };
		DCB4E94D25448D6500486610 /* FestivalIdCache.swift */ = {isa = PBXFileReference; lastKnownFileType = sourcecode.swift; path = FestivalIdCache.swift; sourceTree = "<group>"; };
		DCBD75E62576482D0018F68B /* StoreCache.swift */ = {isa = PBXFileReference; lastKnownFileType = sourcecode.swift; path = StoreCache.swift; sourceTree = "<group>"; };
		DCBD75F025765BAB0018F68B /* MenuCache.swift */ = {isa = PBXFileReference; lastKnownFileType = sourcecode.swift; path = MenuCache.swift; sourceTree = "<group>"; };
		DCBD75F8257673090018F68B /* StoreInfoView.swift */ = {isa = PBXFileReference; lastKnownFileType = sourcecode.swift; path = StoreInfoView.swift; sourceTree = "<group>"; };
		DCCCE379257A1CAA00205226 /* SendMoneyTask.swift */ = {isa = PBXFileReference; lastKnownFileType = sourcecode.swift; path = SendMoneyTask.swift; sourceTree = "<group>"; };
		EA80F856C11011924B33A2C0 /* Pods_UFO_UFOUITests.framework */ = {isa = PBXFileReference; explicitFileType = wrapper.framework; includeInIndex = 0; path = Pods_UFO_UFOUITests.framework; sourceTree = BUILT_PRODUCTS_DIR; };
/* End PBXFileReference section */

/* Begin PBXFrameworksBuildPhase section */
		DC195A1C253DE53300A9ECF0 /* Frameworks */ = {
			isa = PBXFrameworksBuildPhase;
			buildActionMask = 2147483647;
			files = (
				DC09114F257A4D2B000C5C86 /* S3 in Frameworks */,
				DC7B3E9F254935120094FD51 /* CodeScanner in Frameworks */,
				5748768CA8BC6E1E31F68423 /* Pods_UFO.framework in Frameworks */,
			);
			runOnlyForDeploymentPostprocessing = 0;
		};
		DC195A32253DE53800A9ECF0 /* Frameworks */ = {
			isa = PBXFrameworksBuildPhase;
			buildActionMask = 2147483647;
			files = (
				C56B7B30D42BA848FFE4DFA3 /* Pods_UFOTests.framework in Frameworks */,
			);
			runOnlyForDeploymentPostprocessing = 0;
		};
		DC195A3D253DE53800A9ECF0 /* Frameworks */ = {
			isa = PBXFrameworksBuildPhase;
			buildActionMask = 2147483647;
			files = (
				DBA05FFAE3D3559783C26326 /* Pods_UFO_UFOUITests.framework in Frameworks */,
			);
			runOnlyForDeploymentPostprocessing = 0;
		};
/* End PBXFrameworksBuildPhase section */

/* Begin PBXGroup section */
		52FEC702A136B819B625D4D8 /* Frameworks */ = {
			isa = PBXGroup;
			children = (
				37E42B3A8FCBF8F804821DD5 /* Pods_UFO.framework */,
				EA80F856C11011924B33A2C0 /* Pods_UFO_UFOUITests.framework */,
				C33A5FB73C12222E1C3D0E5F /* Pods_UFOTests.framework */,
			);
			name = Frameworks;
			sourceTree = "<group>";
		};
		7764A222C599336CE82E9848 /* Pods */ = {
			isa = PBXGroup;
			children = (
				B0CA2F12606C0B753325FBCE /* Pods-UFO.debug.xcconfig */,
				817245CE098FEF074E713224 /* Pods-UFO.release.xcconfig */,
				9BC2BBF87B1178351FA6B020 /* Pods-UFO-UFOUITests.debug.xcconfig */,
				56F8492D964045D920133F78 /* Pods-UFO-UFOUITests.release.xcconfig */,
				050A0A658F43735F3F58F0EC /* Pods-UFOTests.debug.xcconfig */,
				BDB7A1AF2FCFA514C696C64B /* Pods-UFOTests.release.xcconfig */,
			);
			path = Pods;
			sourceTree = "<group>";
		};
		DC195A16253DE53300A9ECF0 = {
			isa = PBXGroup;
			children = (
				DC195A21253DE53300A9ECF0 /* UFO */,
				DC195A38253DE53800A9ECF0 /* UFOTests */,
				DC195A43253DE53800A9ECF0 /* UFOUITests */,
				DC195A20253DE53300A9ECF0 /* Products */,
				7764A222C599336CE82E9848 /* Pods */,
				52FEC702A136B819B625D4D8 /* Frameworks */,
			);
			sourceTree = "<group>";
		};
		DC195A20253DE53300A9ECF0 /* Products */ = {
			isa = PBXGroup;
			children = (
				DC195A1F253DE53300A9ECF0 /* UFO.app */,
				DC195A35253DE53800A9ECF0 /* UFOTests.xctest */,
				DC195A40253DE53800A9ECF0 /* UFOUITests.xctest */,
			);
			name = Products;
			sourceTree = "<group>";
		};
		DC195A21253DE53300A9ECF0 /* UFO */ = {
			isa = PBXGroup;
			children = (
				DC195A22253DE53300A9ECF0 /* AppDelegate.swift */,
				DC195A24253DE53300A9ECF0 /* SceneDelegate.swift */,
				DC195A26253DE53300A9ECF0 /* ContentView.swift */,
				DC195A28253DE53800A9ECF0 /* Assets.xcassets */,
				DC195A2D253DE53800A9ECF0 /* LaunchScreen.storyboard */,
				DC195A30253DE53800A9ECF0 /* Info.plist */,
				DC195A2A253DE53800A9ECF0 /* Preview Content */,
				DC195A52253DE5D200A9ECF0 /* SplashView.swift */,
				DC7B3E8D25490ACF0094FD51 /* FestivalListPopUpView.swift */,
				DC195A54253DE5F900A9ECF0 /* MainView.swift */,
				DC195A56253DE61300A9ECF0 /* HomeView.swift */,
				DC195A58253DE62C00A9ECF0 /* FestivalView.swift */,
				DC195A67253DE73900A9ECF0 /* MyPageView.swift */,
				DC4DAE6B257A01F900FD7C0C /* HomePage */,
				DC195A5A253DE64C00A9ECF0 /* FestivalPage */,
				DC195A69253DE75F00A9ECF0 /* MyPage */,
				DCCD81042572B04800D586AA /* Cache */,
				DCCD81172572B11900D586AA /* Data */,
				DCCD81162572B11300D586AA /* Task */,
				DC7B3E9B25492E1F0094FD51 /* SlideOverView.swift */,
				DC6BDB25257A7537005751C7 /* S3ImageVIew.swift */,
				DC7B3EA025493F6D0094FD51 /* CodeScanner.swift */,
				DC86E41B257CF9C100891549 /* URLImageView.swift */,
			);
			path = UFO;
			sourceTree = "<group>";
		};
		DC195A2A253DE53800A9ECF0 /* Preview Content */ = {
			isa = PBXGroup;
			children = (
				DC195A2B253DE53800A9ECF0 /* Preview Assets.xcassets */,
			);
			path = "Preview Content";
			sourceTree = "<group>";
		};
		DC195A38253DE53800A9ECF0 /* UFOTests */ = {
			isa = PBXGroup;
			children = (
				DC195A39253DE53800A9ECF0 /* UFOTests.swift */,
				DC195A3B253DE53800A9ECF0 /* Info.plist */,
			);
			path = UFOTests;
			sourceTree = "<group>";
		};
		DC195A43253DE53800A9ECF0 /* UFOUITests */ = {
			isa = PBXGroup;
			children = (
				DC195A44253DE53800A9ECF0 /* UFOUITests.swift */,
				DC195A46253DE53900A9ECF0 /* Info.plist */,
			);
			path = UFOUITests;
			sourceTree = "<group>";
		};
		DC195A5A253DE64C00A9ECF0 /* FestivalPage */ = {
			isa = PBXGroup;
			children = (
				DC197E262570ED3200988BA5 /* FestivallnfoVIew.swift */,
				DC197E2B2570FDFF00988BA5 /* FestivalStoresView.swift */,
				DCBD75F8257673090018F68B /* StoreInfoView.swift */,
				DC195A65253DE6F900A9ECF0 /* MapView.swift */,
			);
			path = FestivalPage;
			sourceTree = "<group>";
		};
		DC195A69253DE75F00A9ECF0 /* MyPage */ = {
			isa = PBXGroup;
			children = (
				DC68D78725433A8300B35E56 /* KakaoLoginView.swift */,
			);
			path = MyPage;
			sourceTree = "<group>";
		};
		DC4DAE6B257A01F900FD7C0C /* HomePage */ = {
			isa = PBXGroup;
			children = (
				141B96202574FF340083C175 /* QRView.swift */,
				1476810F256BC56E006129FA /* ChargeView.swift */,
				DC4DAE74257A09D000FD7C0C /* SendMoneyView.swift */,
				DC4DAE7C257A0BC200FD7C0C /* PasswordView.swift */,
			);
			path = HomePage;
			sourceTree = "<group>";
		};
		DCCD81042572B04800D586AA /* Cache */ = {
			isa = PBXGroup;
			children = (
				DCB4E94D25448D6500486610 /* FestivalIdCache.swift */,
				DC197E19256FEC5400988BA5 /* FestivalCache.swift */,
				DCBD75E62576482D0018F68B /* StoreCache.swift */,
				DCBD75F025765BAB0018F68B /* MenuCache.swift */,
				DC68D77F253F42A800B35E56 /* ImageCache.swift */,
			);
			path = Cache;
			sourceTree = "<group>";
		};
		DCCD81162572B11300D586AA /* Task */ = {
			isa = PBXGroup;
			children = (
				141B96182574FC970083C175 /* HomeTask.swift */,
				DC197E09256F725E00988BA5 /* SplashTask.swift */,
				DC86E403257CC93A00891549 /* UserTask.swift */,
				DC197DFC256E968200988BA5 /* FestivalTask.swift */,
				DC195A61253DE6BA00A9ECF0 /* StoreTask.swift */,
				DCCCE379257A1CAA00205226 /* SendMoneyTask.swift */,
				DC906A56257A2BE900F17063 /* ChargeTask.swift */,
				DC6BDB2A257A75B8005751C7 /* S3ImageTask.swift */,
				DC86E416257CCFCD00891549 /* URLImageTask.swift */,
			);
			path = Task;
			sourceTree = "<group>";
		};
		DCCD81172572B11900D586AA /* Data */ = {
			isa = PBXGroup;
			children = (
				DC197E01256E9B4C00988BA5 /* FestivalListData.swift */,
				DC197DF2256E953F00988BA5 /* FestivalData.swift */,
				DC86E3E7257BAC8400891549 /* StoreListData.swift */,
				DC195A63253DE6D300A9ECF0 /* StoreData.swift */,
				DC197DF7256E961200988BA5 /* MenuData.swift */,
			);
			path = Data;
			sourceTree = "<group>";
		};
/* End PBXGroup section */

/* Begin PBXNativeTarget section */
		DC195A1E253DE53300A9ECF0 /* UFO */ = {
			isa = PBXNativeTarget;
			buildConfigurationList = DC195A49253DE53900A9ECF0 /* Build configuration list for PBXNativeTarget "UFO" */;
			buildPhases = (
				09FA1DA7A0DD2A62F3A7F8C8 /* [CP] Check Pods Manifest.lock */,
				DC195A1B253DE53300A9ECF0 /* Sources */,
				DC195A1C253DE53300A9ECF0 /* Frameworks */,
				DC195A1D253DE53300A9ECF0 /* Resources */,
				29447938340201BEAE9BDCAA /* [CP] Embed Pods Frameworks */,
			);
			buildRules = (
			);
			dependencies = (
			);
			name = UFO;
			packageProductDependencies = (
				DC7B3E9E254935120094FD51 /* CodeScanner */,
				DC09114E257A4D2B000C5C86 /* S3 */,
			);
			productName = UFO;
			productReference = DC195A1F253DE53300A9ECF0 /* UFO.app */;
			productType = "com.apple.product-type.application";
		};
		DC195A34253DE53800A9ECF0 /* UFOTests */ = {
			isa = PBXNativeTarget;
			buildConfigurationList = DC195A4C253DE53900A9ECF0 /* Build configuration list for PBXNativeTarget "UFOTests" */;
			buildPhases = (
				61C78267D083CF36A3B386CE /* [CP] Check Pods Manifest.lock */,
				DC195A31253DE53800A9ECF0 /* Sources */,
				DC195A32253DE53800A9ECF0 /* Frameworks */,
				DC195A33253DE53800A9ECF0 /* Resources */,
			);
			buildRules = (
			);
			dependencies = (
				DC195A37253DE53800A9ECF0 /* PBXTargetDependency */,
			);
			name = UFOTests;
			productName = UFOTests;
			productReference = DC195A35253DE53800A9ECF0 /* UFOTests.xctest */;
			productType = "com.apple.product-type.bundle.unit-test";
		};
		DC195A3F253DE53800A9ECF0 /* UFOUITests */ = {
			isa = PBXNativeTarget;
			buildConfigurationList = DC195A4F253DE53900A9ECF0 /* Build configuration list for PBXNativeTarget "UFOUITests" */;
			buildPhases = (
				1650949008C0CDE62F73669E /* [CP] Check Pods Manifest.lock */,
				DC195A3C253DE53800A9ECF0 /* Sources */,
				DC195A3D253DE53800A9ECF0 /* Frameworks */,
				DC195A3E253DE53800A9ECF0 /* Resources */,
				D873030BDD30C3EE338729FF /* [CP] Embed Pods Frameworks */,
			);
			buildRules = (
			);
			dependencies = (
				DC195A42253DE53800A9ECF0 /* PBXTargetDependency */,
			);
			name = UFOUITests;
			productName = UFOUITests;
			productReference = DC195A40253DE53800A9ECF0 /* UFOUITests.xctest */;
			productType = "com.apple.product-type.bundle.ui-testing";
		};
/* End PBXNativeTarget section */

/* Begin PBXProject section */
		DC195A17253DE53300A9ECF0 /* Project object */ = {
			isa = PBXProject;
			attributes = {
				LastSwiftUpdateCheck = 1170;
				LastUpgradeCheck = 1170;
				ORGANIZATIONNAME = "Sanghyun Byun";
				TargetAttributes = {
					DC195A1E253DE53300A9ECF0 = {
						CreatedOnToolsVersion = 11.7;
					};
					DC195A34253DE53800A9ECF0 = {
						CreatedOnToolsVersion = 11.7;
						TestTargetID = DC195A1E253DE53300A9ECF0;
					};
					DC195A3F253DE53800A9ECF0 = {
						CreatedOnToolsVersion = 11.7;
						TestTargetID = DC195A1E253DE53300A9ECF0;
					};
				};
			};
			buildConfigurationList = DC195A1A253DE53300A9ECF0 /* Build configuration list for PBXProject "UFO" */;
			compatibilityVersion = "Xcode 9.3";
			developmentRegion = en;
			hasScannedForEncodings = 0;
			knownRegions = (
				en,
				Base,
			);
			mainGroup = DC195A16253DE53300A9ECF0;
			packageReferences = (
				DC7B3E9D254935120094FD51 /* XCRemoteSwiftPackageReference "CodeScanner" */,
				DC09114D257A4D2B000C5C86 /* XCRemoteSwiftPackageReference "aws-sdk-swift" */,
			);
			productRefGroup = DC195A20253DE53300A9ECF0 /* Products */;
			projectDirPath = "";
			projectRoot = "";
			targets = (
				DC195A1E253DE53300A9ECF0 /* UFO */,
				DC195A34253DE53800A9ECF0 /* UFOTests */,
				DC195A3F253DE53800A9ECF0 /* UFOUITests */,
			);
		};
/* End PBXProject section */

/* Begin PBXResourcesBuildPhase section */
		DC195A1D253DE53300A9ECF0 /* Resources */ = {
			isa = PBXResourcesBuildPhase;
			buildActionMask = 2147483647;
			files = (
				DC195A2F253DE53800A9ECF0 /* LaunchScreen.storyboard in Resources */,
				DC195A2C253DE53800A9ECF0 /* Preview Assets.xcassets in Resources */,
				DC195A29253DE53800A9ECF0 /* Assets.xcassets in Resources */,
			);
			runOnlyForDeploymentPostprocessing = 0;
		};
		DC195A33253DE53800A9ECF0 /* Resources */ = {
			isa = PBXResourcesBuildPhase;
			buildActionMask = 2147483647;
			files = (
			);
			runOnlyForDeploymentPostprocessing = 0;
		};
		DC195A3E253DE53800A9ECF0 /* Resources */ = {
			isa = PBXResourcesBuildPhase;
			buildActionMask = 2147483647;
			files = (
			);
			runOnlyForDeploymentPostprocessing = 0;
		};
/* End PBXResourcesBuildPhase section */

/* Begin PBXShellScriptBuildPhase section */
		09FA1DA7A0DD2A62F3A7F8C8 /* [CP] Check Pods Manifest.lock */ = {
			isa = PBXShellScriptBuildPhase;
			buildActionMask = 2147483647;
			files = (
			);
			inputFileListPaths = (
			);
			inputPaths = (
				"${PODS_PODFILE_DIR_PATH}/Podfile.lock",
				"${PODS_ROOT}/Manifest.lock",
			);
			name = "[CP] Check Pods Manifest.lock";
			outputFileListPaths = (
			);
			outputPaths = (
				"$(DERIVED_FILE_DIR)/Pods-UFO-checkManifestLockResult.txt",
			);
			runOnlyForDeploymentPostprocessing = 0;
			shellPath = /bin/sh;
			shellScript = "diff \"${PODS_PODFILE_DIR_PATH}/Podfile.lock\" \"${PODS_ROOT}/Manifest.lock\" > /dev/null\nif [ $? != 0 ] ; then\n    # print error to STDERR\n    echo \"error: The sandbox is not in sync with the Podfile.lock. Run 'pod install' or update your CocoaPods installation.\" >&2\n    exit 1\nfi\n# This output is used by Xcode 'outputs' to avoid re-running this script phase.\necho \"SUCCESS\" > \"${SCRIPT_OUTPUT_FILE_0}\"\n";
			showEnvVarsInLog = 0;
		};
		1650949008C0CDE62F73669E /* [CP] Check Pods Manifest.lock */ = {
			isa = PBXShellScriptBuildPhase;
			buildActionMask = 2147483647;
			files = (
			);
			inputFileListPaths = (
			);
			inputPaths = (
				"${PODS_PODFILE_DIR_PATH}/Podfile.lock",
				"${PODS_ROOT}/Manifest.lock",
			);
			name = "[CP] Check Pods Manifest.lock";
			outputFileListPaths = (
			);
			outputPaths = (
				"$(DERIVED_FILE_DIR)/Pods-UFO-UFOUITests-checkManifestLockResult.txt",
			);
			runOnlyForDeploymentPostprocessing = 0;
			shellPath = /bin/sh;
			shellScript = "diff \"${PODS_PODFILE_DIR_PATH}/Podfile.lock\" \"${PODS_ROOT}/Manifest.lock\" > /dev/null\nif [ $? != 0 ] ; then\n    # print error to STDERR\n    echo \"error: The sandbox is not in sync with the Podfile.lock. Run 'pod install' or update your CocoaPods installation.\" >&2\n    exit 1\nfi\n# This output is used by Xcode 'outputs' to avoid re-running this script phase.\necho \"SUCCESS\" > \"${SCRIPT_OUTPUT_FILE_0}\"\n";
			showEnvVarsInLog = 0;
		};
		29447938340201BEAE9BDCAA /* [CP] Embed Pods Frameworks */ = {
			isa = PBXShellScriptBuildPhase;
			buildActionMask = 2147483647;
			files = (
			);
			inputFileListPaths = (
				"${PODS_ROOT}/Target Support Files/Pods-UFO/Pods-UFO-frameworks-${CONFIGURATION}-input-files.xcfilelist",
			);
			name = "[CP] Embed Pods Frameworks";
			outputFileListPaths = (
				"${PODS_ROOT}/Target Support Files/Pods-UFO/Pods-UFO-frameworks-${CONFIGURATION}-output-files.xcfilelist",
			);
			runOnlyForDeploymentPostprocessing = 0;
			shellPath = /bin/sh;
			shellScript = "\"${PODS_ROOT}/Target Support Files/Pods-UFO/Pods-UFO-frameworks.sh\"\n";
			showEnvVarsInLog = 0;
		};
		61C78267D083CF36A3B386CE /* [CP] Check Pods Manifest.lock */ = {
			isa = PBXShellScriptBuildPhase;
			buildActionMask = 2147483647;
			files = (
			);
			inputFileListPaths = (
			);
			inputPaths = (
				"${PODS_PODFILE_DIR_PATH}/Podfile.lock",
				"${PODS_ROOT}/Manifest.lock",
			);
			name = "[CP] Check Pods Manifest.lock";
			outputFileListPaths = (
			);
			outputPaths = (
				"$(DERIVED_FILE_DIR)/Pods-UFOTests-checkManifestLockResult.txt",
			);
			runOnlyForDeploymentPostprocessing = 0;
			shellPath = /bin/sh;
			shellScript = "diff \"${PODS_PODFILE_DIR_PATH}/Podfile.lock\" \"${PODS_ROOT}/Manifest.lock\" > /dev/null\nif [ $? != 0 ] ; then\n    # print error to STDERR\n    echo \"error: The sandbox is not in sync with the Podfile.lock. Run 'pod install' or update your CocoaPods installation.\" >&2\n    exit 1\nfi\n# This output is used by Xcode 'outputs' to avoid re-running this script phase.\necho \"SUCCESS\" > \"${SCRIPT_OUTPUT_FILE_0}\"\n";
			showEnvVarsInLog = 0;
		};
		D873030BDD30C3EE338729FF /* [CP] Embed Pods Frameworks */ = {
			isa = PBXShellScriptBuildPhase;
			buildActionMask = 2147483647;
			files = (
			);
			inputFileListPaths = (
				"${PODS_ROOT}/Target Support Files/Pods-UFO-UFOUITests/Pods-UFO-UFOUITests-frameworks-${CONFIGURATION}-input-files.xcfilelist",
			);
			name = "[CP] Embed Pods Frameworks";
			outputFileListPaths = (
				"${PODS_ROOT}/Target Support Files/Pods-UFO-UFOUITests/Pods-UFO-UFOUITests-frameworks-${CONFIGURATION}-output-files.xcfilelist",
			);
			runOnlyForDeploymentPostprocessing = 0;
			shellPath = /bin/sh;
			shellScript = "\"${PODS_ROOT}/Target Support Files/Pods-UFO-UFOUITests/Pods-UFO-UFOUITests-frameworks.sh\"\n";
			showEnvVarsInLog = 0;
		};
/* End PBXShellScriptBuildPhase section */

/* Begin PBXSourcesBuildPhase section */
		DC195A1B253DE53300A9ECF0 /* Sources */ = {
			isa = PBXSourcesBuildPhase;
			buildActionMask = 2147483647;
			files = (
				DC197DF8256E961200988BA5 /* MenuData.swift in Sources */,
				DC68D780253F42A800B35E56 /* ImageCache.swift in Sources */,
				141B96192574FC970083C175 /* HomeTask.swift in Sources */,
				DC4DAE75257A09D000FD7C0C /* SendMoneyView.swift in Sources */,
				14768110256BC56E006129FA /* ChargeView.swift in Sources */,
				DCBD75F9257673090018F68B /* StoreInfoView.swift in Sources */,
				DC197E0A256F725E00988BA5 /* SplashTask.swift in Sources */,
				DC197DFD256E968200988BA5 /* FestivalTask.swift in Sources */,
				DC7B3E8E25490ACF0094FD51 /* FestivalListPopUpView.swift in Sources */,
				DCCCE37A257A1CAA00205226 /* SendMoneyTask.swift in Sources */,
				DC7B3E9C25492E1F0094FD51 /* SlideOverView.swift in Sources */,
				DC7B3EA125493F6D0094FD51 /* CodeScanner.swift in Sources */,
				DC195A23253DE53300A9ECF0 /* AppDelegate.swift in Sources */,
				DC68D78825433A8300B35E56 /* KakaoLoginView.swift in Sources */,
				DC195A66253DE6F900A9ECF0 /* MapView.swift in Sources */,
				DCBD75F125765BAB0018F68B /* MenuCache.swift in Sources */,
				DC197E2C2570FDFF00988BA5 /* FestivalStoresView.swift in Sources */,
				DCBD75E72576482D0018F68B /* StoreCache.swift in Sources */,
				DC6BDB2B257A75B8005751C7 /* S3ImageTask.swift in Sources */,
				DC195A68253DE73900A9ECF0 /* MyPageView.swift in Sources */,
				141B96212574FF340083C175 /* QRView.swift in Sources */,
				DC195A59253DE62C00A9ECF0 /* FestivalView.swift in Sources */,
				DC195A53253DE5D200A9ECF0 /* SplashView.swift in Sources */,
				DC195A25253DE53300A9ECF0 /* SceneDelegate.swift in Sources */,
				DC197E272570ED3200988BA5 /* FestivallnfoVIew.swift in Sources */,
				DC195A57253DE61300A9ECF0 /* HomeView.swift in Sources */,
				DC195A55253DE5F900A9ECF0 /* MainView.swift in Sources */,
				DC86E41C257CF9C100891549 /* URLImageView.swift in Sources */,
				DC86E3E8257BAC8400891549 /* StoreListData.swift in Sources */,
				DC197E1A256FEC5400988BA5 /* FestivalCache.swift in Sources */,
				DC195A27253DE53300A9ECF0 /* ContentView.swift in Sources */,
				DC197DF3256E953F00988BA5 /* FestivalData.swift in Sources */,
				DC6BDB26257A7537005751C7 /* S3ImageVIew.swift in Sources */,
				DCB4E94E25448D6500486610 /* FestivalIdCache.swift in Sources */,
				DC4DAE7D257A0BC200FD7C0C /* PasswordView.swift in Sources */,
				DC86E404257CC93A00891549 /* UserTask.swift in Sources */,
				DC195A62253DE6BA00A9ECF0 /* StoreTask.swift in Sources */,
				DC197E02256E9B4C00988BA5 /* FestivalListData.swift in Sources */,
				DC906A57257A2BE900F17063 /* ChargeTask.swift in Sources */,
				DC86E417257CCFCD00891549 /* URLImageTask.swift in Sources */,
				DC195A64253DE6D300A9ECF0 /* StoreData.swift in Sources */,
			);
			runOnlyForDeploymentPostprocessing = 0;
		};
		DC195A31253DE53800A9ECF0 /* Sources */ = {
			isa = PBXSourcesBuildPhase;
			buildActionMask = 2147483647;
			files = (
				DC195A3A253DE53800A9ECF0 /* UFOTests.swift in Sources */,
			);
			runOnlyForDeploymentPostprocessing = 0;
		};
		DC195A3C253DE53800A9ECF0 /* Sources */ = {
			isa = PBXSourcesBuildPhase;
			buildActionMask = 2147483647;
			files = (
				DC195A45253DE53800A9ECF0 /* UFOUITests.swift in Sources */,
			);
			runOnlyForDeploymentPostprocessing = 0;
		};
/* End PBXSourcesBuildPhase section */

/* Begin PBXTargetDependency section */
		DC195A37253DE53800A9ECF0 /* PBXTargetDependency */ = {
			isa = PBXTargetDependency;
			target = DC195A1E253DE53300A9ECF0 /* UFO */;
			targetProxy = DC195A36253DE53800A9ECF0 /* PBXContainerItemProxy */;
		};
		DC195A42253DE53800A9ECF0 /* PBXTargetDependency */ = {
			isa = PBXTargetDependency;
			target = DC195A1E253DE53300A9ECF0 /* UFO */;
			targetProxy = DC195A41253DE53800A9ECF0 /* PBXContainerItemProxy */;
		};
/* End PBXTargetDependency section */

/* Begin PBXVariantGroup section */
		DC195A2D253DE53800A9ECF0 /* LaunchScreen.storyboard */ = {
			isa = PBXVariantGroup;
			children = (
				DC195A2E253DE53800A9ECF0 /* Base */,
			);
			name = LaunchScreen.storyboard;
			sourceTree = "<group>";
		};
/* End PBXVariantGroup section */

/* Begin XCBuildConfiguration section */
		DC195A47253DE53900A9ECF0 /* Debug */ = {
			isa = XCBuildConfiguration;
			buildSettings = {
				ALWAYS_SEARCH_USER_PATHS = NO;
				CLANG_ANALYZER_NONNULL = YES;
				CLANG_ANALYZER_NUMBER_OBJECT_CONVERSION = YES_AGGRESSIVE;
				CLANG_CXX_LANGUAGE_STANDARD = "gnu++14";
				CLANG_CXX_LIBRARY = "libc++";
				CLANG_ENABLE_MODULES = YES;
				CLANG_ENABLE_OBJC_ARC = YES;
				CLANG_ENABLE_OBJC_WEAK = YES;
				CLANG_WARN_BLOCK_CAPTURE_AUTORELEASING = YES;
				CLANG_WARN_BOOL_CONVERSION = YES;
				CLANG_WARN_COMMA = YES;
				CLANG_WARN_CONSTANT_CONVERSION = YES;
				CLANG_WARN_DEPRECATED_OBJC_IMPLEMENTATIONS = YES;
				CLANG_WARN_DIRECT_OBJC_ISA_USAGE = YES_ERROR;
				CLANG_WARN_DOCUMENTATION_COMMENTS = YES;
				CLANG_WARN_EMPTY_BODY = YES;
				CLANG_WARN_ENUM_CONVERSION = YES;
				CLANG_WARN_INFINITE_RECURSION = YES;
				CLANG_WARN_INT_CONVERSION = YES;
				CLANG_WARN_NON_LITERAL_NULL_CONVERSION = YES;
				CLANG_WARN_OBJC_IMPLICIT_RETAIN_SELF = YES;
				CLANG_WARN_OBJC_LITERAL_CONVERSION = YES;
				CLANG_WARN_OBJC_ROOT_CLASS = YES_ERROR;
				CLANG_WARN_RANGE_LOOP_ANALYSIS = YES;
				CLANG_WARN_STRICT_PROTOTYPES = YES;
				CLANG_WARN_SUSPICIOUS_MOVE = YES;
				CLANG_WARN_UNGUARDED_AVAILABILITY = YES_AGGRESSIVE;
				CLANG_WARN_UNREACHABLE_CODE = YES;
				CLANG_WARN__DUPLICATE_METHOD_MATCH = YES;
				COPY_PHASE_STRIP = NO;
				DEBUG_INFORMATION_FORMAT = dwarf;
				ENABLE_STRICT_OBJC_MSGSEND = YES;
				ENABLE_TESTABILITY = YES;
				GCC_C_LANGUAGE_STANDARD = gnu11;
				GCC_DYNAMIC_NO_PIC = NO;
				GCC_NO_COMMON_BLOCKS = YES;
				GCC_OPTIMIZATION_LEVEL = 0;
				GCC_PREPROCESSOR_DEFINITIONS = (
					"DEBUG=1",
					"$(inherited)",
				);
				GCC_WARN_64_TO_32_BIT_CONVERSION = YES;
				GCC_WARN_ABOUT_RETURN_TYPE = YES_ERROR;
				GCC_WARN_UNDECLARED_SELECTOR = YES;
				GCC_WARN_UNINITIALIZED_AUTOS = YES_AGGRESSIVE;
				GCC_WARN_UNUSED_FUNCTION = YES;
				GCC_WARN_UNUSED_VARIABLE = YES;
				IPHONEOS_DEPLOYMENT_TARGET = 13.6;
				MTL_ENABLE_DEBUG_INFO = INCLUDE_SOURCE;
				MTL_FAST_MATH = YES;
				ONLY_ACTIVE_ARCH = YES;
				SDKROOT = iphoneos;
				SWIFT_ACTIVE_COMPILATION_CONDITIONS = DEBUG;
				SWIFT_OPTIMIZATION_LEVEL = "-Onone";
			};
			name = Debug;
		};
		DC195A48253DE53900A9ECF0 /* Release */ = {
			isa = XCBuildConfiguration;
			buildSettings = {
				ALWAYS_SEARCH_USER_PATHS = NO;
				CLANG_ANALYZER_NONNULL = YES;
				CLANG_ANALYZER_NUMBER_OBJECT_CONVERSION = YES_AGGRESSIVE;
				CLANG_CXX_LANGUAGE_STANDARD = "gnu++14";
				CLANG_CXX_LIBRARY = "libc++";
				CLANG_ENABLE_MODULES = YES;
				CLANG_ENABLE_OBJC_ARC = YES;
				CLANG_ENABLE_OBJC_WEAK = YES;
				CLANG_WARN_BLOCK_CAPTURE_AUTORELEASING = YES;
				CLANG_WARN_BOOL_CONVERSION = YES;
				CLANG_WARN_COMMA = YES;
				CLANG_WARN_CONSTANT_CONVERSION = YES;
				CLANG_WARN_DEPRECATED_OBJC_IMPLEMENTATIONS = YES;
				CLANG_WARN_DIRECT_OBJC_ISA_USAGE = YES_ERROR;
				CLANG_WARN_DOCUMENTATION_COMMENTS = YES;
				CLANG_WARN_EMPTY_BODY = YES;
				CLANG_WARN_ENUM_CONVERSION = YES;
				CLANG_WARN_INFINITE_RECURSION = YES;
				CLANG_WARN_INT_CONVERSION = YES;
				CLANG_WARN_NON_LITERAL_NULL_CONVERSION = YES;
				CLANG_WARN_OBJC_IMPLICIT_RETAIN_SELF = YES;
				CLANG_WARN_OBJC_LITERAL_CONVERSION = YES;
				CLANG_WARN_OBJC_ROOT_CLASS = YES_ERROR;
				CLANG_WARN_RANGE_LOOP_ANALYSIS = YES;
				CLANG_WARN_STRICT_PROTOTYPES = YES;
				CLANG_WARN_SUSPICIOUS_MOVE = YES;
				CLANG_WARN_UNGUARDED_AVAILABILITY = YES_AGGRESSIVE;
				CLANG_WARN_UNREACHABLE_CODE = YES;
				CLANG_WARN__DUPLICATE_METHOD_MATCH = YES;
				COPY_PHASE_STRIP = NO;
				DEBUG_INFORMATION_FORMAT = "dwarf-with-dsym";
				ENABLE_NS_ASSERTIONS = NO;
				ENABLE_STRICT_OBJC_MSGSEND = YES;
				GCC_C_LANGUAGE_STANDARD = gnu11;
				GCC_NO_COMMON_BLOCKS = YES;
				GCC_WARN_64_TO_32_BIT_CONVERSION = YES;
				GCC_WARN_ABOUT_RETURN_TYPE = YES_ERROR;
				GCC_WARN_UNDECLARED_SELECTOR = YES;
				GCC_WARN_UNINITIALIZED_AUTOS = YES_AGGRESSIVE;
				GCC_WARN_UNUSED_FUNCTION = YES;
				GCC_WARN_UNUSED_VARIABLE = YES;
				IPHONEOS_DEPLOYMENT_TARGET = 13.6;
				MTL_ENABLE_DEBUG_INFO = NO;
				MTL_FAST_MATH = YES;
				ONLY_ACTIVE_ARCH = YES;
				SDKROOT = iphoneos;
				SWIFT_COMPILATION_MODE = wholemodule;
				SWIFT_OPTIMIZATION_LEVEL = "-O";
				VALIDATE_PRODUCT = YES;
			};
			name = Release;
		};
		DC195A4A253DE53900A9ECF0 /* Debug */ = {
			isa = XCBuildConfiguration;
			baseConfigurationReference = B0CA2F12606C0B753325FBCE /* Pods-UFO.debug.xcconfig */;
			buildSettings = {
				ASSETCATALOG_COMPILER_APPICON_NAME = AppIcon;
				CODE_SIGN_STYLE = Automatic;
				DEVELOPMENT_ASSET_PATHS = "\"UFO/Preview Content\"";
				DEVELOPMENT_TEAM = C3JJQ4733Q;
				ENABLE_PREVIEWS = YES;
				INFOPLIST_FILE = UFO/Info.plist;
				LD_RUNPATH_SEARCH_PATHS = (
					"$(inherited)",
					"@executable_path/Frameworks",
				);
				PRODUCT_BUNDLE_IDENTIFIER = ufo.UFO;
				PRODUCT_NAME = "$(TARGET_NAME)";
				SWIFT_VERSION = 5.0;
				TARGETED_DEVICE_FAMILY = "1,2";
			};
			name = Debug;
		};
		DC195A4B253DE53900A9ECF0 /* Release */ = {
			isa = XCBuildConfiguration;
			baseConfigurationReference = 817245CE098FEF074E713224 /* Pods-UFO.release.xcconfig */;
			buildSettings = {
				ASSETCATALOG_COMPILER_APPICON_NAME = AppIcon;
				CODE_SIGN_STYLE = Automatic;
				DEVELOPMENT_ASSET_PATHS = "\"UFO/Preview Content\"";
				DEVELOPMENT_TEAM = C3JJQ4733Q;
				ENABLE_PREVIEWS = YES;
				INFOPLIST_FILE = UFO/Info.plist;
				LD_RUNPATH_SEARCH_PATHS = (
					"$(inherited)",
					"@executable_path/Frameworks",
				);
				PRODUCT_BUNDLE_IDENTIFIER = ufo.UFO;
				PRODUCT_NAME = "$(TARGET_NAME)";
				SWIFT_VERSION = 5.0;
				TARGETED_DEVICE_FAMILY = "1,2";
			};
			name = Release;
		};
		DC195A4D253DE53900A9ECF0 /* Debug */ = {
			isa = XCBuildConfiguration;
			baseConfigurationReference = 050A0A658F43735F3F58F0EC /* Pods-UFOTests.debug.xcconfig */;
			buildSettings = {
				ALWAYS_EMBED_SWIFT_STANDARD_LIBRARIES = YES;
				BUNDLE_LOADER = "$(TEST_HOST)";
				CODE_SIGN_STYLE = Automatic;
				DEVELOPMENT_TEAM = C3JJQ4733Q;
				INFOPLIST_FILE = UFOTests/Info.plist;
				IPHONEOS_DEPLOYMENT_TARGET = 13.7;
				LD_RUNPATH_SEARCH_PATHS = (
					"$(inherited)",
					"@executable_path/Frameworks",
					"@loader_path/Frameworks",
				);
				PRODUCT_BUNDLE_IDENTIFIER = ufo.UFOTests;
				PRODUCT_NAME = "$(TARGET_NAME)";
				SWIFT_VERSION = 5.0;
				TARGETED_DEVICE_FAMILY = "1,2";
				TEST_HOST = "$(BUILT_PRODUCTS_DIR)/UFO.app/UFO";
			};
			name = Debug;
		};
		DC195A4E253DE53900A9ECF0 /* Release */ = {
			isa = XCBuildConfiguration;
			baseConfigurationReference = BDB7A1AF2FCFA514C696C64B /* Pods-UFOTests.release.xcconfig */;
			buildSettings = {
				ALWAYS_EMBED_SWIFT_STANDARD_LIBRARIES = YES;
				BUNDLE_LOADER = "$(TEST_HOST)";
				CODE_SIGN_STYLE = Automatic;
				DEVELOPMENT_TEAM = C3JJQ4733Q;
				INFOPLIST_FILE = UFOTests/Info.plist;
				IPHONEOS_DEPLOYMENT_TARGET = 13.7;
				LD_RUNPATH_SEARCH_PATHS = (
					"$(inherited)",
					"@executable_path/Frameworks",
					"@loader_path/Frameworks",
				);
				PRODUCT_BUNDLE_IDENTIFIER = ufo.UFOTests;
				PRODUCT_NAME = "$(TARGET_NAME)";
				SWIFT_VERSION = 5.0;
				TARGETED_DEVICE_FAMILY = "1,2";
				TEST_HOST = "$(BUILT_PRODUCTS_DIR)/UFO.app/UFO";
			};
			name = Release;
		};
		DC195A50253DE53900A9ECF0 /* Debug */ = {
			isa = XCBuildConfiguration;
			baseConfigurationReference = 9BC2BBF87B1178351FA6B020 /* Pods-UFO-UFOUITests.debug.xcconfig */;
			buildSettings = {
				ALWAYS_EMBED_SWIFT_STANDARD_LIBRARIES = YES;
				CODE_SIGN_STYLE = Automatic;
				DEVELOPMENT_TEAM = C3JJQ4733Q;
				INFOPLIST_FILE = UFOUITests/Info.plist;
				LD_RUNPATH_SEARCH_PATHS = (
					"$(inherited)",
					"@executable_path/Frameworks",
					"@loader_path/Frameworks",
				);
				PRODUCT_BUNDLE_IDENTIFIER = ufo.UFOUITests;
				PRODUCT_NAME = "$(TARGET_NAME)";
				SWIFT_VERSION = 5.0;
				TARGETED_DEVICE_FAMILY = "1,2";
				TEST_TARGET_NAME = UFO;
			};
			name = Debug;
		};
		DC195A51253DE53900A9ECF0 /* Release */ = {
			isa = XCBuildConfiguration;
			baseConfigurationReference = 56F8492D964045D920133F78 /* Pods-UFO-UFOUITests.release.xcconfig */;
			buildSettings = {
				ALWAYS_EMBED_SWIFT_STANDARD_LIBRARIES = YES;
				CODE_SIGN_STYLE = Automatic;
				DEVELOPMENT_TEAM = C3JJQ4733Q;
				INFOPLIST_FILE = UFOUITests/Info.plist;
				LD_RUNPATH_SEARCH_PATHS = (
					"$(inherited)",
					"@executable_path/Frameworks",
					"@loader_path/Frameworks",
				);
				PRODUCT_BUNDLE_IDENTIFIER = ufo.UFOUITests;
				PRODUCT_NAME = "$(TARGET_NAME)";
				SWIFT_VERSION = 5.0;
				TARGETED_DEVICE_FAMILY = "1,2";
				TEST_TARGET_NAME = UFO;
			};
			name = Release;
		};
/* End XCBuildConfiguration section */

/* Begin XCConfigurationList section */
		DC195A1A253DE53300A9ECF0 /* Build configuration list for PBXProject "UFO" */ = {
			isa = XCConfigurationList;
			buildConfigurations = (
				DC195A47253DE53900A9ECF0 /* Debug */,
				DC195A48253DE53900A9ECF0 /* Release */,
			);
			defaultConfigurationIsVisible = 0;
			defaultConfigurationName = Release;
		};
		DC195A49253DE53900A9ECF0 /* Build configuration list for PBXNativeTarget "UFO" */ = {
			isa = XCConfigurationList;
			buildConfigurations = (
				DC195A4A253DE53900A9ECF0 /* Debug */,
				DC195A4B253DE53900A9ECF0 /* Release */,
			);
			defaultConfigurationIsVisible = 0;
			defaultConfigurationName = Release;
		};
		DC195A4C253DE53900A9ECF0 /* Build configuration list for PBXNativeTarget "UFOTests" */ = {
			isa = XCConfigurationList;
			buildConfigurations = (
				DC195A4D253DE53900A9ECF0 /* Debug */,
				DC195A4E253DE53900A9ECF0 /* Release */,
			);
			defaultConfigurationIsVisible = 0;
			defaultConfigurationName = Release;
		};
		DC195A4F253DE53900A9ECF0 /* Build configuration list for PBXNativeTarget "UFOUITests" */ = {
			isa = XCConfigurationList;
			buildConfigurations = (
				DC195A50253DE53900A9ECF0 /* Debug */,
				DC195A51253DE53900A9ECF0 /* Release */,
			);
			defaultConfigurationIsVisible = 0;
			defaultConfigurationName = Release;
		};
/* End XCConfigurationList section */

/* Begin XCRemoteSwiftPackageReference section */
		DC09114D257A4D2B000C5C86 /* XCRemoteSwiftPackageReference "aws-sdk-swift" */ = {
			isa = XCRemoteSwiftPackageReference;
			repositoryURL = "https://github.com/swift-aws/aws-sdk-swift.git";
			requirement = {
				kind = upToNextMajorVersion;
				minimumVersion = 4.9.0;
			};
		};
		DC7B3E9D254935120094FD51 /* XCRemoteSwiftPackageReference "CodeScanner" */ = {
			isa = XCRemoteSwiftPackageReference;
			repositoryURL = "https://github.com/twostraws/CodeScanner";
			requirement = {
				kind = upToNextMajorVersion;
				minimumVersion = 1.0.6;
			};
		};
/* End XCRemoteSwiftPackageReference section */

/* Begin XCSwiftPackageProductDependency section */
		DC09114E257A4D2B000C5C86 /* S3 */ = {
			isa = XCSwiftPackageProductDependency;
			package = DC09114D257A4D2B000C5C86 /* XCRemoteSwiftPackageReference "aws-sdk-swift" */;
			productName = S3;
		};
		DC7B3E9E254935120094FD51 /* CodeScanner */ = {
			isa = XCSwiftPackageProductDependency;
			package = DC7B3E9D254935120094FD51 /* XCRemoteSwiftPackageReference "CodeScanner" */;
			productName = CodeScanner;
		};
/* End XCSwiftPackageProductDependency section */
	};
	rootObject = DC195A17253DE53300A9ECF0 /* Project object */;
}
