// !$*UTF8*$!
{
	archiveVersion = 1;
	classes = {
	};
	objectVersion = 50;
	objects = {

/* Begin PBXBuildFile section */
		DC2E4C7A2526CE0E002E21D6 /* LoginData.swift in Sources */ = {isa = PBXBuildFile; fileRef = DC2E4C792526CE0E002E21D6 /* LoginData.swift */; };
		DC2E4C7C2526DB71002E21D6 /* SignupData.swift in Sources */ = {isa = PBXBuildFile; fileRef = DC2E4C7B2526DB71002E21D6 /* SignupData.swift */; };
		DC466ECB2521A18E00C1C430 /* HomeView.swift in Sources */ = {isa = PBXBuildFile; fileRef = DC466ECA2521A18E00C1C430 /* HomeView.swift */; };
		DC466ECD2521A1A000C1C430 /* MyPageView.swift in Sources */ = {isa = PBXBuildFile; fileRef = DC466ECC2521A1A000C1C430 /* MyPageView.swift */; };
		DC85C722251C6526009E77D4 /* AppDelegate.swift in Sources */ = {isa = PBXBuildFile; fileRef = DC85C721251C6526009E77D4 /* AppDelegate.swift */; };
		DC85C724251C6526009E77D4 /* SceneDelegate.swift in Sources */ = {isa = PBXBuildFile; fileRef = DC85C723251C6526009E77D4 /* SceneDelegate.swift */; };
		DC85C726251C6526009E77D4 /* ContentView.swift in Sources */ = {isa = PBXBuildFile; fileRef = DC85C725251C6526009E77D4 /* ContentView.swift */; };
		DC85C728251C6527009E77D4 /* Assets.xcassets in Resources */ = {isa = PBXBuildFile; fileRef = DC85C727251C6527009E77D4 /* Assets.xcassets */; };
		DC85C72B251C6527009E77D4 /* Preview Assets.xcassets in Resources */ = {isa = PBXBuildFile; fileRef = DC85C72A251C6527009E77D4 /* Preview Assets.xcassets */; };
		DC85C72E251C6527009E77D4 /* LaunchScreen.storyboard in Resources */ = {isa = PBXBuildFile; fileRef = DC85C72C251C6527009E77D4 /* LaunchScreen.storyboard */; };
		DC85C739251C6527009E77D4 /* KNUCoinTests.swift in Sources */ = {isa = PBXBuildFile; fileRef = DC85C738251C6527009E77D4 /* KNUCoinTests.swift */; };
		DC85C744251C6527009E77D4 /* KNUCoinUITests.swift in Sources */ = {isa = PBXBuildFile; fileRef = DC85C743251C6527009E77D4 /* KNUCoinUITests.swift */; };
		DCB99B35252582390036A1FE /* LoginTask.swift in Sources */ = {isa = PBXBuildFile; fileRef = DCB99B34252582390036A1FE /* LoginTask.swift */; };
		DCBA3C55252C411B00757915 /* FestivalView.swift in Sources */ = {isa = PBXBuildFile; fileRef = DCBA3C54252C411B00757915 /* FestivalView.swift */; };
		DCBA3C57252C48F500757915 /* BoothData.swift in Sources */ = {isa = PBXBuildFile; fileRef = DCBA3C56252C48F500757915 /* BoothData.swift */; };
		DCBA3C59252C49C500757915 /* BoothItemView.swift in Sources */ = {isa = PBXBuildFile; fileRef = DCBA3C58252C49C500757915 /* BoothItemView.swift */; };
		DCBA3C5F252C669500757915 /* BoothView.swift in Sources */ = {isa = PBXBuildFile; fileRef = DCBA3C5E252C669500757915 /* BoothView.swift */; };
		DCBA3C61252C673E00757915 /* MapView.swift in Sources */ = {isa = PBXBuildFile; fileRef = DCBA3C60252C673E00757915 /* MapView.swift */; };
		DCBA3C63252CA83500757915 /* BoothTask.swift in Sources */ = {isa = PBXBuildFile; fileRef = DCBA3C62252CA83500757915 /* BoothTask.swift */; };
		DCCA8B95251C6E1A0041F8FE /* SplashView.swift in Sources */ = {isa = PBXBuildFile; fileRef = DCCA8B94251C6E1A0041F8FE /* SplashView.swift */; };
		DCCA8B97251C6E6D0041F8FE /* LoginView.swift in Sources */ = {isa = PBXBuildFile; fileRef = DCCA8B96251C6E6D0041F8FE /* LoginView.swift */; };
		DCCA8B99251C6E810041F8FE /* SignupView.swift in Sources */ = {isa = PBXBuildFile; fileRef = DCCA8B98251C6E810041F8FE /* SignupView.swift */; };
		DCCA8B9B251C6EA00041F8FE /* MainView.swift in Sources */ = {isa = PBXBuildFile; fileRef = DCCA8B9A251C6EA00041F8FE /* MainView.swift */; };
		DCF36D342526518C007A9F50 /* SignupTask.swift in Sources */ = {isa = PBXBuildFile; fileRef = DCF36D332526518C007A9F50 /* SignupTask.swift */; };
/* End PBXBuildFile section */

/* Begin PBXContainerItemProxy section */
		DC85C735251C6527009E77D4 /* PBXContainerItemProxy */ = {
			isa = PBXContainerItemProxy;
			containerPortal = DC85C716251C6526009E77D4 /* Project object */;
			proxyType = 1;
			remoteGlobalIDString = DC85C71D251C6526009E77D4;
			remoteInfo = KNUCoin;
		};
		DC85C740251C6527009E77D4 /* PBXContainerItemProxy */ = {
			isa = PBXContainerItemProxy;
			containerPortal = DC85C716251C6526009E77D4 /* Project object */;
			proxyType = 1;
			remoteGlobalIDString = DC85C71D251C6526009E77D4;
			remoteInfo = KNUCoin;
		};
/* End PBXContainerItemProxy section */

/* Begin PBXFileReference section */
		DC2E4C792526CE0E002E21D6 /* LoginData.swift */ = {isa = PBXFileReference; lastKnownFileType = sourcecode.swift; path = LoginData.swift; sourceTree = "<group>"; };
		DC2E4C7B2526DB71002E21D6 /* SignupData.swift */ = {isa = PBXFileReference; lastKnownFileType = sourcecode.swift; path = SignupData.swift; sourceTree = "<group>"; };
		DC466ECA2521A18E00C1C430 /* HomeView.swift */ = {isa = PBXFileReference; lastKnownFileType = sourcecode.swift; path = HomeView.swift; sourceTree = "<group>"; };
		DC466ECC2521A1A000C1C430 /* MyPageView.swift */ = {isa = PBXFileReference; lastKnownFileType = sourcecode.swift; path = MyPageView.swift; sourceTree = "<group>"; };
		DC85C71E251C6526009E77D4 /* KNUCoin.app */ = {isa = PBXFileReference; explicitFileType = wrapper.application; includeInIndex = 0; path = KNUCoin.app; sourceTree = BUILT_PRODUCTS_DIR; };
		DC85C721251C6526009E77D4 /* AppDelegate.swift */ = {isa = PBXFileReference; lastKnownFileType = sourcecode.swift; path = AppDelegate.swift; sourceTree = "<group>"; };
		DC85C723251C6526009E77D4 /* SceneDelegate.swift */ = {isa = PBXFileReference; lastKnownFileType = sourcecode.swift; path = SceneDelegate.swift; sourceTree = "<group>"; };
		DC85C725251C6526009E77D4 /* ContentView.swift */ = {isa = PBXFileReference; lastKnownFileType = sourcecode.swift; path = ContentView.swift; sourceTree = "<group>"; };
		DC85C727251C6527009E77D4 /* Assets.xcassets */ = {isa = PBXFileReference; lastKnownFileType = folder.assetcatalog; path = Assets.xcassets; sourceTree = "<group>"; };
		DC85C72A251C6527009E77D4 /* Preview Assets.xcassets */ = {isa = PBXFileReference; lastKnownFileType = folder.assetcatalog; path = "Preview Assets.xcassets"; sourceTree = "<group>"; };
		DC85C72D251C6527009E77D4 /* Base */ = {isa = PBXFileReference; lastKnownFileType = file.storyboard; name = Base; path = Base.lproj/LaunchScreen.storyboard; sourceTree = "<group>"; };
		DC85C72F251C6527009E77D4 /* Info.plist */ = {isa = PBXFileReference; lastKnownFileType = text.plist.xml; path = Info.plist; sourceTree = "<group>"; };
		DC85C734251C6527009E77D4 /* KNUCoinTests.xctest */ = {isa = PBXFileReference; explicitFileType = wrapper.cfbundle; includeInIndex = 0; path = KNUCoinTests.xctest; sourceTree = BUILT_PRODUCTS_DIR; };
		DC85C738251C6527009E77D4 /* KNUCoinTests.swift */ = {isa = PBXFileReference; lastKnownFileType = sourcecode.swift; path = KNUCoinTests.swift; sourceTree = "<group>"; };
		DC85C73A251C6527009E77D4 /* Info.plist */ = {isa = PBXFileReference; lastKnownFileType = text.plist.xml; path = Info.plist; sourceTree = "<group>"; };
		DC85C73F251C6527009E77D4 /* KNUCoinUITests.xctest */ = {isa = PBXFileReference; explicitFileType = wrapper.cfbundle; includeInIndex = 0; path = KNUCoinUITests.xctest; sourceTree = BUILT_PRODUCTS_DIR; };
		DC85C743251C6527009E77D4 /* KNUCoinUITests.swift */ = {isa = PBXFileReference; lastKnownFileType = sourcecode.swift; path = KNUCoinUITests.swift; sourceTree = "<group>"; };
		DC85C745251C6527009E77D4 /* Info.plist */ = {isa = PBXFileReference; lastKnownFileType = text.plist.xml; path = Info.plist; sourceTree = "<group>"; };
		DCB99B34252582390036A1FE /* LoginTask.swift */ = {isa = PBXFileReference; lastKnownFileType = sourcecode.swift; path = LoginTask.swift; sourceTree = "<group>"; };
		DCBA3C54252C411B00757915 /* FestivalView.swift */ = {isa = PBXFileReference; lastKnownFileType = sourcecode.swift; path = FestivalView.swift; sourceTree = "<group>"; };
		DCBA3C56252C48F500757915 /* BoothData.swift */ = {isa = PBXFileReference; lastKnownFileType = sourcecode.swift; path = BoothData.swift; sourceTree = "<group>"; };
		DCBA3C58252C49C500757915 /* BoothItemView.swift */ = {isa = PBXFileReference; lastKnownFileType = sourcecode.swift; path = BoothItemView.swift; sourceTree = "<group>"; };
		DCBA3C5E252C669500757915 /* BoothView.swift */ = {isa = PBXFileReference; lastKnownFileType = sourcecode.swift; path = BoothView.swift; sourceTree = "<group>"; };
		DCBA3C60252C673E00757915 /* MapView.swift */ = {isa = PBXFileReference; lastKnownFileType = sourcecode.swift; path = MapView.swift; sourceTree = "<group>"; };
		DCBA3C62252CA83500757915 /* BoothTask.swift */ = {isa = PBXFileReference; lastKnownFileType = sourcecode.swift; path = BoothTask.swift; sourceTree = "<group>"; };
		DCCA8B94251C6E1A0041F8FE /* SplashView.swift */ = {isa = PBXFileReference; lastKnownFileType = sourcecode.swift; path = SplashView.swift; sourceTree = "<group>"; };
		DCCA8B96251C6E6D0041F8FE /* LoginView.swift */ = {isa = PBXFileReference; lastKnownFileType = sourcecode.swift; path = LoginView.swift; sourceTree = "<group>"; };
		DCCA8B98251C6E810041F8FE /* SignupView.swift */ = {isa = PBXFileReference; lastKnownFileType = sourcecode.swift; path = SignupView.swift; sourceTree = "<group>"; };
		DCCA8B9A251C6EA00041F8FE /* MainView.swift */ = {isa = PBXFileReference; lastKnownFileType = sourcecode.swift; path = MainView.swift; sourceTree = "<group>"; };
		DCF36D332526518C007A9F50 /* SignupTask.swift */ = {isa = PBXFileReference; lastKnownFileType = sourcecode.swift; path = SignupTask.swift; sourceTree = "<group>"; };
/* End PBXFileReference section */

/* Begin PBXFrameworksBuildPhase section */
		DC85C71B251C6526009E77D4 /* Frameworks */ = {
			isa = PBXFrameworksBuildPhase;
			buildActionMask = 2147483647;
			files = (
			);
			runOnlyForDeploymentPostprocessing = 0;
		};
		DC85C731251C6527009E77D4 /* Frameworks */ = {
			isa = PBXFrameworksBuildPhase;
			buildActionMask = 2147483647;
			files = (
			);
			runOnlyForDeploymentPostprocessing = 0;
		};
		DC85C73C251C6527009E77D4 /* Frameworks */ = {
			isa = PBXFrameworksBuildPhase;
			buildActionMask = 2147483647;
			files = (
			);
			runOnlyForDeploymentPostprocessing = 0;
		};
/* End PBXFrameworksBuildPhase section */

/* Begin PBXGroup section */
		DC85C715251C6526009E77D4 = {
			isa = PBXGroup;
			children = (
				DC85C720251C6526009E77D4 /* KNUCoin */,
				DC85C737251C6527009E77D4 /* KNUCoinTests */,
				DC85C742251C6527009E77D4 /* KNUCoinUITests */,
				DC85C71F251C6526009E77D4 /* Products */,
			);
			sourceTree = "<group>";
		};
		DC85C71F251C6526009E77D4 /* Products */ = {
			isa = PBXGroup;
			children = (
				DC85C71E251C6526009E77D4 /* KNUCoin.app */,
				DC85C734251C6527009E77D4 /* KNUCoinTests.xctest */,
				DC85C73F251C6527009E77D4 /* KNUCoinUITests.xctest */,
			);
			name = Products;
			sourceTree = "<group>";
		};
		DC85C720251C6526009E77D4 /* KNUCoin */ = {
			isa = PBXGroup;
			children = (
				DC85C721251C6526009E77D4 /* AppDelegate.swift */,
				DC85C723251C6526009E77D4 /* SceneDelegate.swift */,
				DC85C725251C6526009E77D4 /* ContentView.swift */,
				DC85C727251C6527009E77D4 /* Assets.xcassets */,
				DC85C72C251C6527009E77D4 /* LaunchScreen.storyboard */,
				DC85C72F251C6527009E77D4 /* Info.plist */,
				DC85C729251C6527009E77D4 /* Preview Content */,
				DCCA8B94251C6E1A0041F8FE /* SplashView.swift */,
				DCCA8B9A251C6EA00041F8FE /* MainView.swift */,
				DC466ECA2521A18E00C1C430 /* HomeView.swift */,
				DCBA3C54252C411B00757915 /* FestivalView.swift */,
				DCBA3C65252CB3C500757915 /* FestivalPage */,
				DC466ECC2521A1A000C1C430 /* MyPageView.swift */,
				DCBA3C64252CB38900757915 /* MyPage */,
			);
			path = KNUCoin;
			sourceTree = "<group>";
		};
		DC85C729251C6527009E77D4 /* Preview Content */ = {
			isa = PBXGroup;
			children = (
				DC85C72A251C6527009E77D4 /* Preview Assets.xcassets */,
			);
			path = "Preview Content";
			sourceTree = "<group>";
		};
		DC85C737251C6527009E77D4 /* KNUCoinTests */ = {
			isa = PBXGroup;
			children = (
				DC85C738251C6527009E77D4 /* KNUCoinTests.swift */,
				DC85C73A251C6527009E77D4 /* Info.plist */,
			);
			path = KNUCoinTests;
			sourceTree = "<group>";
		};
		DC85C742251C6527009E77D4 /* KNUCoinUITests */ = {
			isa = PBXGroup;
			children = (
				DC85C743251C6527009E77D4 /* KNUCoinUITests.swift */,
				DC85C745251C6527009E77D4 /* Info.plist */,
			);
			path = KNUCoinUITests;
			sourceTree = "<group>";
		};
		DCBA3C64252CB38900757915 /* MyPage */ = {
			isa = PBXGroup;
			children = (
				DCCA8B96251C6E6D0041F8FE /* LoginView.swift */,
				DCB99B34252582390036A1FE /* LoginTask.swift */,
				DC2E4C792526CE0E002E21D6 /* LoginData.swift */,
				DCCA8B98251C6E810041F8FE /* SignupView.swift */,
				DCF36D332526518C007A9F50 /* SignupTask.swift */,
				DC2E4C7B2526DB71002E21D6 /* SignupData.swift */,
			);
			path = MyPage;
			sourceTree = "<group>";
		};
		DCBA3C65252CB3C500757915 /* FestivalPage */ = {
			isa = PBXGroup;
			children = (
				DCBA3C5E252C669500757915 /* BoothView.swift */,
				DCBA3C58252C49C500757915 /* BoothItemView.swift */,
				DCBA3C62252CA83500757915 /* BoothTask.swift */,
				DCBA3C56252C48F500757915 /* BoothData.swift */,
				DCBA3C60252C673E00757915 /* MapView.swift */,
			);
			path = FestivalPage;
			sourceTree = "<group>";
		};
/* End PBXGroup section */

/* Begin PBXNativeTarget section */
		DC85C71D251C6526009E77D4 /* KNUCoin */ = {
			isa = PBXNativeTarget;
			buildConfigurationList = DC85C748251C6527009E77D4 /* Build configuration list for PBXNativeTarget "KNUCoin" */;
			buildPhases = (
				DC85C71A251C6526009E77D4 /* Sources */,
				DC85C71B251C6526009E77D4 /* Frameworks */,
				DC85C71C251C6526009E77D4 /* Resources */,
			);
			buildRules = (
			);
			dependencies = (
			);
			name = KNUCoin;
			productName = KNUCoin;
			productReference = DC85C71E251C6526009E77D4 /* KNUCoin.app */;
			productType = "com.apple.product-type.application";
		};
		DC85C733251C6527009E77D4 /* KNUCoinTests */ = {
			isa = PBXNativeTarget;
			buildConfigurationList = DC85C74B251C6527009E77D4 /* Build configuration list for PBXNativeTarget "KNUCoinTests" */;
			buildPhases = (
				DC85C730251C6527009E77D4 /* Sources */,
				DC85C731251C6527009E77D4 /* Frameworks */,
				DC85C732251C6527009E77D4 /* Resources */,
			);
			buildRules = (
			);
			dependencies = (
				DC85C736251C6527009E77D4 /* PBXTargetDependency */,
			);
			name = KNUCoinTests;
			productName = KNUCoinTests;
			productReference = DC85C734251C6527009E77D4 /* KNUCoinTests.xctest */;
			productType = "com.apple.product-type.bundle.unit-test";
		};
		DC85C73E251C6527009E77D4 /* KNUCoinUITests */ = {
			isa = PBXNativeTarget;
			buildConfigurationList = DC85C74E251C6527009E77D4 /* Build configuration list for PBXNativeTarget "KNUCoinUITests" */;
			buildPhases = (
				DC85C73B251C6527009E77D4 /* Sources */,
				DC85C73C251C6527009E77D4 /* Frameworks */,
				DC85C73D251C6527009E77D4 /* Resources */,
			);
			buildRules = (
			);
			dependencies = (
				DC85C741251C6527009E77D4 /* PBXTargetDependency */,
			);
			name = KNUCoinUITests;
			productName = KNUCoinUITests;
			productReference = DC85C73F251C6527009E77D4 /* KNUCoinUITests.xctest */;
			productType = "com.apple.product-type.bundle.ui-testing";
		};
/* End PBXNativeTarget section */

/* Begin PBXProject section */
		DC85C716251C6526009E77D4 /* Project object */ = {
			isa = PBXProject;
			attributes = {
				LastSwiftUpdateCheck = 1170;
				LastUpgradeCheck = 1170;
				ORGANIZATIONNAME = "Sanghyun Byun";
				TargetAttributes = {
					DC85C71D251C6526009E77D4 = {
						CreatedOnToolsVersion = 11.7;
					};
					DC85C733251C6527009E77D4 = {
						CreatedOnToolsVersion = 11.7;
						TestTargetID = DC85C71D251C6526009E77D4;
					};
					DC85C73E251C6527009E77D4 = {
						CreatedOnToolsVersion = 11.7;
						TestTargetID = DC85C71D251C6526009E77D4;
					};
				};
			};
			buildConfigurationList = DC85C719251C6526009E77D4 /* Build configuration list for PBXProject "KNUCoin" */;
			compatibilityVersion = "Xcode 9.3";
			developmentRegion = en;
			hasScannedForEncodings = 0;
			knownRegions = (
				en,
				Base,
			);
			mainGroup = DC85C715251C6526009E77D4;
			productRefGroup = DC85C71F251C6526009E77D4 /* Products */;
			projectDirPath = "";
			projectRoot = "";
			targets = (
				DC85C71D251C6526009E77D4 /* KNUCoin */,
				DC85C733251C6527009E77D4 /* KNUCoinTests */,
				DC85C73E251C6527009E77D4 /* KNUCoinUITests */,
			);
		};
/* End PBXProject section */

/* Begin PBXResourcesBuildPhase section */
		DC85C71C251C6526009E77D4 /* Resources */ = {
			isa = PBXResourcesBuildPhase;
			buildActionMask = 2147483647;
			files = (
				DC85C72E251C6527009E77D4 /* LaunchScreen.storyboard in Resources */,
				DC85C72B251C6527009E77D4 /* Preview Assets.xcassets in Resources */,
				DC85C728251C6527009E77D4 /* Assets.xcassets in Resources */,
			);
			runOnlyForDeploymentPostprocessing = 0;
		};
		DC85C732251C6527009E77D4 /* Resources */ = {
			isa = PBXResourcesBuildPhase;
			buildActionMask = 2147483647;
			files = (
			);
			runOnlyForDeploymentPostprocessing = 0;
		};
		DC85C73D251C6527009E77D4 /* Resources */ = {
			isa = PBXResourcesBuildPhase;
			buildActionMask = 2147483647;
			files = (
			);
			runOnlyForDeploymentPostprocessing = 0;
		};
/* End PBXResourcesBuildPhase section */

/* Begin PBXSourcesBuildPhase section */
		DC85C71A251C6526009E77D4 /* Sources */ = {
			isa = PBXSourcesBuildPhase;
			buildActionMask = 2147483647;
			files = (
				DC466ECD2521A1A000C1C430 /* MyPageView.swift in Sources */,
				DCBA3C63252CA83500757915 /* BoothTask.swift in Sources */,
				DCCA8B99251C6E810041F8FE /* SignupView.swift in Sources */,
				DCCA8B9B251C6EA00041F8FE /* MainView.swift in Sources */,
				DC85C722251C6526009E77D4 /* AppDelegate.swift in Sources */,
				DCBA3C59252C49C500757915 /* BoothItemView.swift in Sources */,
				DCBA3C57252C48F500757915 /* BoothData.swift in Sources */,
				DCCA8B95251C6E1A0041F8FE /* SplashView.swift in Sources */,
				DCBA3C61252C673E00757915 /* MapView.swift in Sources */,
				DC2E4C7A2526CE0E002E21D6 /* LoginData.swift in Sources */,
				DC85C724251C6526009E77D4 /* SceneDelegate.swift in Sources */,
				DCB99B35252582390036A1FE /* LoginTask.swift in Sources */,
				DCBA3C55252C411B00757915 /* FestivalView.swift in Sources */,
				DCBA3C5F252C669500757915 /* BoothView.swift in Sources */,
				DC466ECB2521A18E00C1C430 /* HomeView.swift in Sources */,
				DCF36D342526518C007A9F50 /* SignupTask.swift in Sources */,
				DCCA8B97251C6E6D0041F8FE /* LoginView.swift in Sources */,
				DC2E4C7C2526DB71002E21D6 /* SignupData.swift in Sources */,
				DC85C726251C6526009E77D4 /* ContentView.swift in Sources */,
			);
			runOnlyForDeploymentPostprocessing = 0;
		};
		DC85C730251C6527009E77D4 /* Sources */ = {
			isa = PBXSourcesBuildPhase;
			buildActionMask = 2147483647;
			files = (
				DC85C739251C6527009E77D4 /* KNUCoinTests.swift in Sources */,
			);
			runOnlyForDeploymentPostprocessing = 0;
		};
		DC85C73B251C6527009E77D4 /* Sources */ = {
			isa = PBXSourcesBuildPhase;
			buildActionMask = 2147483647;
			files = (
				DC85C744251C6527009E77D4 /* KNUCoinUITests.swift in Sources */,
			);
			runOnlyForDeploymentPostprocessing = 0;
		};
/* End PBXSourcesBuildPhase section */

/* Begin PBXTargetDependency section */
		DC85C736251C6527009E77D4 /* PBXTargetDependency */ = {
			isa = PBXTargetDependency;
			target = DC85C71D251C6526009E77D4 /* KNUCoin */;
			targetProxy = DC85C735251C6527009E77D4 /* PBXContainerItemProxy */;
		};
		DC85C741251C6527009E77D4 /* PBXTargetDependency */ = {
			isa = PBXTargetDependency;
			target = DC85C71D251C6526009E77D4 /* KNUCoin */;
			targetProxy = DC85C740251C6527009E77D4 /* PBXContainerItemProxy */;
		};
/* End PBXTargetDependency section */

/* Begin PBXVariantGroup section */
		DC85C72C251C6527009E77D4 /* LaunchScreen.storyboard */ = {
			isa = PBXVariantGroup;
			children = (
				DC85C72D251C6527009E77D4 /* Base */,
			);
			name = LaunchScreen.storyboard;
			sourceTree = "<group>";
		};
/* End PBXVariantGroup section */

/* Begin XCBuildConfiguration section */
		DC85C746251C6527009E77D4 /* Debug */ = {
			isa = XCBuildConfiguration;
			buildSettings = {
				ALWAYS_SEARCH_USER_PATHS = NO;
				CLANG_ANALYZER_NONNULL = YES;
				CLANG_ANALYZER_NUMBER_OBJECT_CONVERSION = YES_AGGRESSIVE;
				CLANG_CXX_LANGUAGE_STANDARD = "gnu++14";
				CLANG_CXX_LIBRARY = "libc++";
				CLANG_ENABLE_MODULES = YES;
				CLANG_ENABLE_OBJC_ARC = YES;
				CLANG_ENABLE_OBJC_WEAK = YES;
				CLANG_WARN_BLOCK_CAPTURE_AUTORELEASING = YES;
				CLANG_WARN_BOOL_CONVERSION = YES;
				CLANG_WARN_COMMA = YES;
				CLANG_WARN_CONSTANT_CONVERSION = YES;
				CLANG_WARN_DEPRECATED_OBJC_IMPLEMENTATIONS = YES;
				CLANG_WARN_DIRECT_OBJC_ISA_USAGE = YES_ERROR;
				CLANG_WARN_DOCUMENTATION_COMMENTS = YES;
				CLANG_WARN_EMPTY_BODY = YES;
				CLANG_WARN_ENUM_CONVERSION = YES;
				CLANG_WARN_INFINITE_RECURSION = YES;
				CLANG_WARN_INT_CONVERSION = YES;
				CLANG_WARN_NON_LITERAL_NULL_CONVERSION = YES;
				CLANG_WARN_OBJC_IMPLICIT_RETAIN_SELF = YES;
				CLANG_WARN_OBJC_LITERAL_CONVERSION = YES;
				CLANG_WARN_OBJC_ROOT_CLASS = YES_ERROR;
				CLANG_WARN_RANGE_LOOP_ANALYSIS = YES;
				CLANG_WARN_STRICT_PROTOTYPES = YES;
				CLANG_WARN_SUSPICIOUS_MOVE = YES;
				CLANG_WARN_UNGUARDED_AVAILABILITY = YES_AGGRESSIVE;
				CLANG_WARN_UNREACHABLE_CODE = YES;
				CLANG_WARN__DUPLICATE_METHOD_MATCH = YES;
				COPY_PHASE_STRIP = NO;
				DEBUG_INFORMATION_FORMAT = dwarf;
				ENABLE_STRICT_OBJC_MSGSEND = YES;
				ENABLE_TESTABILITY = YES;
				GCC_C_LANGUAGE_STANDARD = gnu11;
				GCC_DYNAMIC_NO_PIC = NO;
				GCC_NO_COMMON_BLOCKS = YES;
				GCC_OPTIMIZATION_LEVEL = 0;
				GCC_PREPROCESSOR_DEFINITIONS = (
					"DEBUG=1",
					"$(inherited)",
				);
				GCC_WARN_64_TO_32_BIT_CONVERSION = YES;
				GCC_WARN_ABOUT_RETURN_TYPE = YES_ERROR;
				GCC_WARN_UNDECLARED_SELECTOR = YES;
				GCC_WARN_UNINITIALIZED_AUTOS = YES_AGGRESSIVE;
				GCC_WARN_UNUSED_FUNCTION = YES;
				GCC_WARN_UNUSED_VARIABLE = YES;
				IPHONEOS_DEPLOYMENT_TARGET = 13.7;
				MTL_ENABLE_DEBUG_INFO = INCLUDE_SOURCE;
				MTL_FAST_MATH = YES;
				ONLY_ACTIVE_ARCH = YES;
				SDKROOT = iphoneos;
				SWIFT_ACTIVE_COMPILATION_CONDITIONS = DEBUG;
				SWIFT_OPTIMIZATION_LEVEL = "-Onone";
			};
			name = Debug;
		};
		DC85C747251C6527009E77D4 /* Release */ = {
			isa = XCBuildConfiguration;
			buildSettings = {
				ALWAYS_SEARCH_USER_PATHS = NO;
				CLANG_ANALYZER_NONNULL = YES;
				CLANG_ANALYZER_NUMBER_OBJECT_CONVERSION = YES_AGGRESSIVE;
				CLANG_CXX_LANGUAGE_STANDARD = "gnu++14";
				CLANG_CXX_LIBRARY = "libc++";
				CLANG_ENABLE_MODULES = YES;
				CLANG_ENABLE_OBJC_ARC = YES;
				CLANG_ENABLE_OBJC_WEAK = YES;
				CLANG_WARN_BLOCK_CAPTURE_AUTORELEASING = YES;
				CLANG_WARN_BOOL_CONVERSION = YES;
				CLANG_WARN_COMMA = YES;
				CLANG_WARN_CONSTANT_CONVERSION = YES;
				CLANG_WARN_DEPRECATED_OBJC_IMPLEMENTATIONS = YES;
				CLANG_WARN_DIRECT_OBJC_ISA_USAGE = YES_ERROR;
				CLANG_WARN_DOCUMENTATION_COMMENTS = YES;
				CLANG_WARN_EMPTY_BODY = YES;
				CLANG_WARN_ENUM_CONVERSION = YES;
				CLANG_WARN_INFINITE_RECURSION = YES;
				CLANG_WARN_INT_CONVERSION = YES;
				CLANG_WARN_NON_LITERAL_NULL_CONVERSION = YES;
				CLANG_WARN_OBJC_IMPLICIT_RETAIN_SELF = YES;
				CLANG_WARN_OBJC_LITERAL_CONVERSION = YES;
				CLANG_WARN_OBJC_ROOT_CLASS = YES_ERROR;
				CLANG_WARN_RANGE_LOOP_ANALYSIS = YES;
				CLANG_WARN_STRICT_PROTOTYPES = YES;
				CLANG_WARN_SUSPICIOUS_MOVE = YES;
				CLANG_WARN_UNGUARDED_AVAILABILITY = YES_AGGRESSIVE;
				CLANG_WARN_UNREACHABLE_CODE = YES;
				CLANG_WARN__DUPLICATE_METHOD_MATCH = YES;
				COPY_PHASE_STRIP = NO;
				DEBUG_INFORMATION_FORMAT = "dwarf-with-dsym";
				ENABLE_NS_ASSERTIONS = NO;
				ENABLE_STRICT_OBJC_MSGSEND = YES;
				GCC_C_LANGUAGE_STANDARD = gnu11;
				GCC_NO_COMMON_BLOCKS = YES;
				GCC_WARN_64_TO_32_BIT_CONVERSION = YES;
				GCC_WARN_ABOUT_RETURN_TYPE = YES_ERROR;
				GCC_WARN_UNDECLARED_SELECTOR = YES;
				GCC_WARN_UNINITIALIZED_AUTOS = YES_AGGRESSIVE;
				GCC_WARN_UNUSED_FUNCTION = YES;
				GCC_WARN_UNUSED_VARIABLE = YES;
				IPHONEOS_DEPLOYMENT_TARGET = 13.7;
				MTL_ENABLE_DEBUG_INFO = NO;
				MTL_FAST_MATH = YES;
				SDKROOT = iphoneos;
				SWIFT_COMPILATION_MODE = wholemodule;
				SWIFT_OPTIMIZATION_LEVEL = "-O";
				VALIDATE_PRODUCT = YES;
			};
			name = Release;
		};
		DC85C749251C6527009E77D4 /* Debug */ = {
			isa = XCBuildConfiguration;
			buildSettings = {
				ASSETCATALOG_COMPILER_APPICON_NAME = AppIcon;
				CODE_SIGN_STYLE = Automatic;
				DEVELOPMENT_ASSET_PATHS = "\"KNUCoin/Preview Content\"";
				DEVELOPMENT_TEAM = C3JJQ4733Q;
				ENABLE_PREVIEWS = YES;
				INFOPLIST_FILE = KNUCoin/Info.plist;
				LD_RUNPATH_SEARCH_PATHS = (
					"$(inherited)",
					"@executable_path/Frameworks",
				);
				PRODUCT_BUNDLE_IDENTIFIER = knucoin.KNUCoin;
				PRODUCT_NAME = "$(TARGET_NAME)";
				SWIFT_VERSION = 5.0;
				TARGETED_DEVICE_FAMILY = "1,2";
			};
			name = Debug;
		};
		DC85C74A251C6527009E77D4 /* Release */ = {
			isa = XCBuildConfiguration;
			buildSettings = {
				ASSETCATALOG_COMPILER_APPICON_NAME = AppIcon;
				CODE_SIGN_STYLE = Automatic;
				DEVELOPMENT_ASSET_PATHS = "\"KNUCoin/Preview Content\"";
				DEVELOPMENT_TEAM = C3JJQ4733Q;
				ENABLE_PREVIEWS = YES;
				INFOPLIST_FILE = KNUCoin/Info.plist;
				LD_RUNPATH_SEARCH_PATHS = (
					"$(inherited)",
					"@executable_path/Frameworks",
				);
				PRODUCT_BUNDLE_IDENTIFIER = knucoin.KNUCoin;
				PRODUCT_NAME = "$(TARGET_NAME)";
				SWIFT_VERSION = 5.0;
				TARGETED_DEVICE_FAMILY = "1,2";
			};
			name = Release;
		};
		DC85C74C251C6527009E77D4 /* Debug */ = {
			isa = XCBuildConfiguration;
			buildSettings = {
				ALWAYS_EMBED_SWIFT_STANDARD_LIBRARIES = YES;
				BUNDLE_LOADER = "$(TEST_HOST)";
				CODE_SIGN_STYLE = Automatic;
				DEVELOPMENT_TEAM = C3JJQ4733Q;
				INFOPLIST_FILE = KNUCoinTests/Info.plist;
				IPHONEOS_DEPLOYMENT_TARGET = 13.7;
				LD_RUNPATH_SEARCH_PATHS = (
					"$(inherited)",
					"@executable_path/Frameworks",
					"@loader_path/Frameworks",
				);
				PRODUCT_BUNDLE_IDENTIFIER = knucoin.KNUCoinTests;
				PRODUCT_NAME = "$(TARGET_NAME)";
				SWIFT_VERSION = 5.0;
				TARGETED_DEVICE_FAMILY = "1,2";
				TEST_HOST = "$(BUILT_PRODUCTS_DIR)/KNUCoin.app/KNUCoin";
			};
			name = Debug;
		};
		DC85C74D251C6527009E77D4 /* Release */ = {
			isa = XCBuildConfiguration;
			buildSettings = {
				ALWAYS_EMBED_SWIFT_STANDARD_LIBRARIES = YES;
				BUNDLE_LOADER = "$(TEST_HOST)";
				CODE_SIGN_STYLE = Automatic;
				DEVELOPMENT_TEAM = C3JJQ4733Q;
				INFOPLIST_FILE = KNUCoinTests/Info.plist;
				IPHONEOS_DEPLOYMENT_TARGET = 13.7;
				LD_RUNPATH_SEARCH_PATHS = (
					"$(inherited)",
					"@executable_path/Frameworks",
					"@loader_path/Frameworks",
				);
				PRODUCT_BUNDLE_IDENTIFIER = knucoin.KNUCoinTests;
				PRODUCT_NAME = "$(TARGET_NAME)";
				SWIFT_VERSION = 5.0;
				TARGETED_DEVICE_FAMILY = "1,2";
				TEST_HOST = "$(BUILT_PRODUCTS_DIR)/KNUCoin.app/KNUCoin";
			};
			name = Release;
		};
		DC85C74F251C6527009E77D4 /* Debug */ = {
			isa = XCBuildConfiguration;
			buildSettings = {
				ALWAYS_EMBED_SWIFT_STANDARD_LIBRARIES = YES;
				CODE_SIGN_STYLE = Automatic;
				DEVELOPMENT_TEAM = C3JJQ4733Q;
				INFOPLIST_FILE = KNUCoinUITests/Info.plist;
				LD_RUNPATH_SEARCH_PATHS = (
					"$(inherited)",
					"@executable_path/Frameworks",
					"@loader_path/Frameworks",
				);
				PRODUCT_BUNDLE_IDENTIFIER = knucoin.KNUCoinUITests;
				PRODUCT_NAME = "$(TARGET_NAME)";
				SWIFT_VERSION = 5.0;
				TARGETED_DEVICE_FAMILY = "1,2";
				TEST_TARGET_NAME = KNUCoin;
			};
			name = Debug;
		};
		DC85C750251C6527009E77D4 /* Release */ = {
			isa = XCBuildConfiguration;
			buildSettings = {
				ALWAYS_EMBED_SWIFT_STANDARD_LIBRARIES = YES;
				CODE_SIGN_STYLE = Automatic;
				DEVELOPMENT_TEAM = C3JJQ4733Q;
				INFOPLIST_FILE = KNUCoinUITests/Info.plist;
				LD_RUNPATH_SEARCH_PATHS = (
					"$(inherited)",
					"@executable_path/Frameworks",
					"@loader_path/Frameworks",
				);
				PRODUCT_BUNDLE_IDENTIFIER = knucoin.KNUCoinUITests;
				PRODUCT_NAME = "$(TARGET_NAME)";
				SWIFT_VERSION = 5.0;
				TARGETED_DEVICE_FAMILY = "1,2";
				TEST_TARGET_NAME = KNUCoin;
			};
			name = Release;
		};
/* End XCBuildConfiguration section */

/* Begin XCConfigurationList section */
		DC85C719251C6526009E77D4 /* Build configuration list for PBXProject "KNUCoin" */ = {
			isa = XCConfigurationList;
			buildConfigurations = (
				DC85C746251C6527009E77D4 /* Debug */,
				DC85C747251C6527009E77D4 /* Release */,
			);
			defaultConfigurationIsVisible = 0;
			defaultConfigurationName = Release;
		};
		DC85C748251C6527009E77D4 /* Build configuration list for PBXNativeTarget "KNUCoin" */ = {
			isa = XCConfigurationList;
			buildConfigurations = (
				DC85C749251C6527009E77D4 /* Debug */,
				DC85C74A251C6527009E77D4 /* Release */,
			);
			defaultConfigurationIsVisible = 0;
			defaultConfigurationName = Release;
		};
		DC85C74B251C6527009E77D4 /* Build configuration list for PBXNativeTarget "KNUCoinTests" */ = {
			isa = XCConfigurationList;
			buildConfigurations = (
				DC85C74C251C6527009E77D4 /* Debug */,
				DC85C74D251C6527009E77D4 /* Release */,
			);
			defaultConfigurationIsVisible = 0;
			defaultConfigurationName = Release;
		};
		DC85C74E251C6527009E77D4 /* Build configuration list for PBXNativeTarget "KNUCoinUITests" */ = {
			isa = XCConfigurationList;
			buildConfigurations = (
				DC85C74F251C6527009E77D4 /* Debug */,
				DC85C750251C6527009E77D4 /* Release */,
			);
			defaultConfigurationIsVisible = 0;
			defaultConfigurationName = Release;
		};
/* End XCConfigurationList section */
	};
	rootObject = DC85C716251C6526009E77D4 /* Project object */;
}
